<?xml version="1.0" encoding="utf-8"?>
<Project ToolsVersion="4.0" xmlns="http://schemas.microsoft.com/developer/msbuild/2003">
  <ItemGroup>
    <Filter Include="Source Files">
      <UniqueIdentifier>{4FC737F1-C7A5-4376-A066-2A32D752A2FF}</UniqueIdentifier>
      <Extensions>cpp;c;cc;cxx;c++;cppm;ixx;def;odl;idl;hpj;bat;asm;asmx</Extensions>
    </Filter>
    <Filter Include="Header Files">
      <UniqueIdentifier>{93995380-89BD-4b04-88EB-625FBE52EBFB}</UniqueIdentifier>
      <Extensions>h;hh;hpp;hxx;h++;hm;inl;inc;ipp;xsd</Extensions>
    </Filter>
    <Filter Include="Resource Files">
      <UniqueIdentifier>{67DA6AB6-F800-4c08-8B7A-83BB121AAD01}</UniqueIdentifier>
      <Extensions>rc;ico;cur;bmp;dlg;rc2;rct;bin;rgs;gif;jpg;jpeg;jpe;resx;tiff;tif;png;wav;mfcribbon-ms</Extensions>
    </Filter>
    <Filter Include="Source Files\axn">
      <UniqueIdentifier>{ec5caa80-0b9d-477e-8819-9ef3c42574b4}</UniqueIdentifier>
    </Filter>
    <Filter Include="Source Files\axn\audio">
      <UniqueIdentifier>{f5233a8c-d4c0-496a-b476-f43c541f0947}</UniqueIdentifier>
    </Filter>
    <Filter Include="Source Files\axn\world">
      <UniqueIdentifier>{21946e0e-e116-4e9b-b128-88d95d02dd94}</UniqueIdentifier>
    </Filter>
    <Filter Include="Source Files\axn\graphics">
      <UniqueIdentifier>{5832f251-73f0-40bb-8125-686f87a49dba}</UniqueIdentifier>
    </Filter>
    <Filter Include="Source Files\axn\geometry">
      <UniqueIdentifier>{c0780cd3-6bc3-403f-983a-dfc67cabba25}</UniqueIdentifier>
    </Filter>
    <Filter Include="Source Files\axn\physics">
      <UniqueIdentifier>{01b53baa-7ec9-49e3-b4e8-b2ca999f08e1}</UniqueIdentifier>
    </Filter>
    <Filter Include="Source Files\axn\system">
      <UniqueIdentifier>{211e2baf-297d-46a1-abbc-c2be70611d11}</UniqueIdentifier>
    </Filter>
    <Filter Include="Source Files\mt">
      <UniqueIdentifier>{4a1d9402-2ee2-412b-81fe-565bce818a21}</UniqueIdentifier>
    </Filter>
    <Filter Include="Source Files\mt\mobs">
      <UniqueIdentifier>{2980a19a-bc68-41aa-8be0-0a811be1cdc0}</UniqueIdentifier>
    </Filter>
    <Filter Include="Source Files\mt\mobs\player">
      <UniqueIdentifier>{a92d2f4f-0231-4ff5-8f8a-26dd84fb4ca2}</UniqueIdentifier>
    </Filter>
    <Filter Include="Source Files\mt\environment">
      <UniqueIdentifier>{52a05681-1065-4b27-96f7-85e8faa79190}</UniqueIdentifier>
    </Filter>
    <Filter Include="Source Files\axn\system\std">
      <UniqueIdentifier>{c3c0c855-09f1-477f-9ea3-5efcee1dde33}</UniqueIdentifier>
    </Filter>
    <Filter Include="Source Files\mt\mobs\enemies">
      <UniqueIdentifier>{32305758-3d52-4602-b2b4-eb6ef111caf6}</UniqueIdentifier>
    </Filter>
    <Filter Include="Source Files\mt\mobs\passive">
      <UniqueIdentifier>{395c1b20-7f2c-4001-8081-359f66a6a6b7}</UniqueIdentifier>
    </Filter>
    <Filter Include="Source Files\mt\background">
      <UniqueIdentifier>{aebd8331-12f5-4966-a549-66ee5e687bbd}</UniqueIdentifier>
    </Filter>
    <Filter Include="Source Files\mt\hazards">
      <UniqueIdentifier>{39b6add6-6423-4899-9477-580b33d41471}</UniqueIdentifier>
    </Filter>
    <Filter Include="Source Files\mt\items">
      <UniqueIdentifier>{0e5ce1c4-be1f-4715-8a7b-c8ddfb53385b}</UniqueIdentifier>
    </Filter>
    <Filter Include="Source Files\mt\environment\plants">
      <UniqueIdentifier>{c7f5c575-86de-4d09-aa01-bd9529c74ca8}</UniqueIdentifier>
    </Filter>
    <Filter Include="Source Files\mt\environment\rocks">
      <UniqueIdentifier>{70c72a39-5004-4412-8466-8ef1c7e486f1}</UniqueIdentifier>
    </Filter>
    <Filter Include="Source Files\mt\environment\water">
      <UniqueIdentifier>{a2fe19ea-f794-47f4-babd-a039c89d2b6d}</UniqueIdentifier>
    </Filter>
    <Filter Include="Source Files\mt\environment\misc">
      <UniqueIdentifier>{b2f3a478-2710-4113-b5fe-9655261b8ab5}</UniqueIdentifier>
    </Filter>
    <Filter Include="Source Files\mt\environment\terrain">
      <UniqueIdentifier>{a8792208-a4cb-41c0-ab26-147b9662588b}</UniqueIdentifier>
    </Filter>
  </ItemGroup>
  <ItemGroup>
    <ClCompile Include="main.cpp">
      <Filter>Source Files</Filter>
    </ClCompile>
    <ClCompile Include="Camera.cpp">
      <Filter>Source Files\axn\graphics</Filter>
    </ClCompile>
    <ClCompile Include="Climber.cpp">
      <Filter>Source Files\mt\mobs\player</Filter>
    </ClCompile>
    <ClCompile Include="Clock.cpp">
      <Filter>Source Files\axn\system</Filter>
    </ClCompile>
    <ClCompile Include="Drawing.cpp">
      <Filter>Source Files\axn\graphics</Filter>
    </ClCompile>
    <ClCompile Include="Engine.cpp">
      <Filter>Source Files\axn\system</Filter>
    </ClCompile>
    <ClCompile Include="EngineSDL.cpp">
      <Filter>Source Files\axn\system</Filter>
    </ClCompile>
    <ClCompile Include="MountMerciless.cpp">
      <Filter>Source Files\mt</Filter>
    </ClCompile>
    <ClCompile Include="Logger.cpp">
      <Filter>Source Files\axn\system</Filter>
    </ClCompile>
    <ClCompile Include="Random.cpp">
      <Filter>Source Files\axn\system</Filter>
    </ClCompile>
    <ClCompile Include="Lighting.cpp">
      <Filter>Source Files\axn\graphics</Filter>
    </ClCompile>
    <ClCompile Include="LightSource.cpp">
      <Filter>Source Files\axn\graphics</Filter>
    </ClCompile>
    <ClCompile Include="OGL.cpp">
      <Filter>Source Files\axn\system</Filter>
    </ClCompile>
    <ClCompile Include="SoundClip.cpp">
      <Filter>Source Files\axn\audio</Filter>
    </ClCompile>
    <ClCompile Include="Speaker.cpp">
      <Filter>Source Files\axn\audio</Filter>
    </ClCompile>
    <ClCompile Include="Mob.cpp">
      <Filter>Source Files\axn\world</Filter>
    </ClCompile>
    <ClCompile Include="Object.cpp">
      <Filter>Source Files\axn\world</Filter>
    </ClCompile>
    <ClCompile Include="Player.cpp">
      <Filter>Source Files\axn\world</Filter>
    </ClCompile>
    <ClCompile Include="Terrain.cpp">
      <Filter>Source Files\axn\world</Filter>
    </ClCompile>
    <ClCompile Include="World.cpp">
      <Filter>Source Files\axn\world</Filter>
    </ClCompile>
    <ClCompile Include="Arrow.cpp">
      <Filter>Source Files\mt\mobs\player</Filter>
    </ClCompile>
    <ClCompile Include="Hook.cpp">
      <Filter>Source Files\mt\mobs\player</Filter>
    </ClCompile>
    <ClCompile Include="Enemy.cpp">
      <Filter>Source Files\axn\world</Filter>
    </ClCompile>
    <ClCompile Include="TrainingGrounds.cpp">
      <Filter>Source Files\mt</Filter>
    </ClCompile>
    <ClCompile Include="Settings.cpp">
      <Filter>Source Files\axn\system</Filter>
    </ClCompile>
    <ClCompile Include="Room.cpp">
      <Filter>Source Files\axn\world</Filter>
    </ClCompile>
    <ClCompile Include="CampFire.cpp">
      <Filter>Source Files\mt\environment</Filter>
    </ClCompile>
    <ClCompile Include="Projectile.cpp">
      <Filter>Source Files\axn\world</Filter>
    </ClCompile>
    <ClCompile Include="Sign.cpp">
      <Filter>Source Files\mt\environment</Filter>
    </ClCompile>
    <ClCompile Include="Porkupine.cpp">
      <Filter>Source Files\mt\mobs\enemies</Filter>
    </ClCompile>
    <ClCompile Include="Gopher.cpp">
      <Filter>Source Files\mt\mobs\enemies</Filter>
    </ClCompile>
    <ClCompile Include="Unalope.cpp">
      <Filter>Source Files\mt\mobs\enemies</Filter>
    </ClCompile>
    <ClCompile Include="Wisp.cpp">
      <Filter>Source Files\mt\mobs\enemies</Filter>
    </ClCompile>
    <ClCompile Include="Bird.cpp">
      <Filter>Source Files\mt\mobs\enemies</Filter>
    </ClCompile>
    <ClCompile Include="Fox.cpp">
      <Filter>Source Files\mt\mobs\enemies</Filter>
    </ClCompile>
    <ClCompile Include="Butterfly.cpp">
      <Filter>Source Files\mt\mobs\passive</Filter>
    </ClCompile>
    <ClCompile Include="Snail.cpp">
      <Filter>Source Files\mt\mobs\passive</Filter>
    </ClCompile>
    <ClCompile Include="Hills.cpp">
      <Filter>Source Files\mt\background</Filter>
    </ClCompile>
    <ClCompile Include="MountainRange.cpp">
      <Filter>Source Files\mt\background</Filter>
    </ClCompile>
    <ClCompile Include="Cloud.cpp">
      <Filter>Source Files\mt\background</Filter>
    </ClCompile>
    <ClCompile Include="Sky.cpp">
      <Filter>Source Files\mt\background</Filter>
    </ClCompile>
    <ClCompile Include="Spikes.cpp">
      <Filter>Source Files\mt\hazards</Filter>
    </ClCompile>
    <ClCompile Include="Thorns.cpp">
      <Filter>Source Files\mt\hazards</Filter>
    </ClCompile>
    <ClCompile Include="AspineTree.cpp">
      <Filter>Source Files\mt\environment\plants</Filter>
    </ClCompile>
    <ClCompile Include="Bush.cpp">
      <Filter>Source Files\mt\environment\plants</Filter>
    </ClCompile>
    <ClCompile Include="PineTree.cpp">
      <Filter>Source Files\mt\environment\plants</Filter>
    </ClCompile>
    <ClCompile Include="Stalite.cpp">
      <Filter>Source Files\mt\environment\rocks</Filter>
    </ClCompile>
    <ClCompile Include="Boulder.cpp">
      <Filter>Source Files\mt\environment\rocks</Filter>
    </ClCompile>
    <ClCompile Include="WaterDrop.cpp">
      <Filter>Source Files\mt\environment\water</Filter>
    </ClCompile>
    <ClCompile Include="Waterfall.cpp">
      <Filter>Source Files\mt\environment\water</Filter>
    </ClCompile>
    <ClCompile Include="PlainsTerrain.cpp">
      <Filter>Source Files\mt\environment\terrain</Filter>
    </ClCompile>
    <ClCompile Include="Skull.cpp">
      <Filter>Source Files\mt\environment\misc</Filter>
    </ClCompile>
    <ClCompile Include="Fire.cpp">
      <Filter>Source Files\mt\environment\misc</Filter>
    </ClCompile>
    <ClCompile Include="Dust.cpp">
      <Filter>Source Files\mt\environment\misc</Filter>
    </ClCompile>
    <ClCompile Include="DistantBird.cpp">
      <Filter>Source Files\mt\background</Filter>
    </ClCompile>
  </ItemGroup>
  <ItemGroup>
    <ClInclude Include="Angle.hpp">
      <Filter>Source Files\axn\geometry</Filter>
    </ClInclude>
    <ClInclude Include="Assert.hpp">
      <Filter>Source Files\axn\system</Filter>
    </ClInclude>
    <ClInclude Include="Audio.hpp">
      <Filter>Source Files\axn\audio</Filter>
    </ClInclude>
    <ClInclude Include="AXN.hpp">
      <Filter>Source Files\axn</Filter>
    </ClInclude>
    <ClInclude Include="Camera.hpp">
      <Filter>Source Files\axn\graphics</Filter>
    </ClInclude>
    <ClInclude Include="Climber.hpp">
      <Filter>Source Files\mt\mobs\player</Filter>
    </ClInclude>
    <ClInclude Include="Clock.hpp">
      <Filter>Source Files\axn\system</Filter>
    </ClInclude>
    <ClInclude Include="Color.hpp">
      <Filter>Source Files\axn\graphics</Filter>
    </ClInclude>
    <ClInclude Include="Coordinate.hpp">
      <Filter>Source Files\axn\geometry</Filter>
    </ClInclude>
    <ClInclude Include="Debug.hpp">
      <Filter>Source Files\axn\system</Filter>
    </ClInclude>
    <ClInclude Include="Drawing.hpp">
      <Filter>Source Files\axn\graphics</Filter>
    </ClInclude>
    <ClInclude Include="Engine.hpp">
      <Filter>Source Files\axn\system</Filter>
    </ClInclude>
    <ClInclude Include="Error.hpp">
      <Filter>Source Files\axn\system</Filter>
    </ClInclude>
    <ClInclude Include="FixedRectangle.hpp">
      <Filter>Source Files\axn\geometry</Filter>
    </ClInclude>
    <ClInclude Include="Geometry.hpp">
      <Filter>Source Files\axn\geometry</Filter>
    </ClInclude>
    <ClInclude Include="Line.hpp">
      <Filter>Source Files\axn\geometry</Filter>
    </ClInclude>
    <ClInclude Include="Polygon.hpp">
      <Filter>Source Files\axn\geometry</Filter>
    </ClInclude>
    <ClInclude Include="Vector.hpp">
      <Filter>Source Files\axn\geometry</Filter>
    </ClInclude>
    <ClInclude Include="Transform.hpp">
      <Filter>Source Files\axn\geometry</Filter>
    </ClInclude>
    <ClInclude Include="Graphics.hpp">
      <Filter>Source Files\axn\graphics</Filter>
    </ClInclude>
    <ClInclude Include="MountMerciless.hpp">
      <Filter>Source Files\mt</Filter>
    </ClInclude>
    <ClInclude Include="Joint.hpp">
      <Filter>Source Files\axn\physics</Filter>
    </ClInclude>
    <ClInclude Include="Matter.hpp">
      <Filter>Source Files\axn\physics</Filter>
    </ClInclude>
    <ClInclude Include="Logger.hpp">
      <Filter>Source Files\axn\system</Filter>
    </ClInclude>
    <ClInclude Include="Random.hpp">
      <Filter>Source Files\axn\system</Filter>
    </ClInclude>
    <ClInclude Include="Lighting.hpp">
      <Filter>Source Files\axn\graphics</Filter>
    </ClInclude>
    <ClInclude Include="LightSource.hpp">
      <Filter>Source Files\axn\graphics</Filter>
    </ClInclude>
    <ClInclude Include="OGL.hpp">
      <Filter>Source Files\axn\system</Filter>
    </ClInclude>
    <ClInclude Include="Speaker.hpp">
      <Filter>Source Files\axn\audio</Filter>
    </ClInclude>
    <ClInclude Include="SoundClip.hpp">
      <Filter>Source Files\axn\audio</Filter>
    </ClInclude>
    <ClInclude Include="Utility.hpp">
      <Filter>Source Files\axn</Filter>
    </ClInclude>
    <ClInclude Include="Namespaces.hpp">
      <Filter>Source Files\axn</Filter>
    </ClInclude>
    <ClInclude Include="Mob.hpp">
      <Filter>Source Files\axn\world</Filter>
    </ClInclude>
    <ClInclude Include="Object.hpp">
      <Filter>Source Files\axn\world</Filter>
    </ClInclude>
    <ClInclude Include="OS.hpp">
      <Filter>Source Files\axn\system</Filter>
    </ClInclude>
    <ClInclude Include="Physics.hpp">
      <Filter>Source Files\axn\physics</Filter>
    </ClInclude>
    <ClInclude Include="Planc.hpp">
      <Filter>Source Files\axn\geometry</Filter>
    </ClInclude>
    <ClInclude Include="Player.hpp">
      <Filter>Source Files\axn\world</Filter>
    </ClInclude>
    <ClInclude Include="Terrain.hpp">
      <Filter>Source Files\axn\world</Filter>
    </ClInclude>
    <ClInclude Include="Visible.hpp">
      <Filter>Source Files\axn\graphics</Filter>
    </ClInclude>
    <ClInclude Include="World.hpp">
      <Filter>Source Files\axn\world</Filter>
    </ClInclude>
    <ClInclude Include="Arrow.hpp">
      <Filter>Source Files\mt\mobs\player</Filter>
    </ClInclude>
    <ClInclude Include="Path.hpp">
      <Filter>Source Files\axn\geometry</Filter>
    </ClInclude>
    <ClInclude Include="Hook.hpp">
      <Filter>Source Files\mt\mobs\player</Filter>
    </ClInclude>
    <ClInclude Include="Enemy.hpp">
      <Filter>Source Files\axn\world</Filter>
    </ClInclude>
    <ClInclude Include="STD.hpp">
      <Filter>Source Files\axn\system\std</Filter>
    </ClInclude>
    <ClInclude Include="STDc.hpp">
      <Filter>Source Files\axn\system\std</Filter>
    </ClInclude>
    <ClInclude Include="STDptr.hpp">
      <Filter>Source Files\axn\system\std</Filter>
    </ClInclude>
    <ClInclude Include="Arc.hpp">
      <Filter>Source Files\axn\geometry</Filter>
    </ClInclude>
    <ClInclude Include="Bezier.hpp">
      <Filter>Source Files\axn\geometry</Filter>
    </ClInclude>
    <ClInclude Include="Triangle.hpp">
      <Filter>Source Files\axn\geometry</Filter>
    </ClInclude>
    <ClInclude Include="TrainingGrounds.hpp">
      <Filter>Source Files\mt</Filter>
    </ClInclude>
    <ClInclude Include="Settings.hpp">
      <Filter>Source Files\axn\system</Filter>
    </ClInclude>
    <ClInclude Include="ColorPalette.hpp">
      <Filter>Source Files\mt</Filter>
    </ClInclude>
    <ClInclude Include="Room.hpp">
      <Filter>Source Files\axn\world</Filter>
    </ClInclude>
    <ClInclude Include="CampFire.hpp">
      <Filter>Source Files\mt\environment</Filter>
    </ClInclude>
    <ClInclude Include="Projectile.hpp">
      <Filter>Source Files\axn\world</Filter>
    </ClInclude>
    <ClInclude Include="Damage.hpp">
      <Filter>Source Files\axn\world</Filter>
    </ClInclude>
    <ClInclude Include="Hazard.hpp">
      <Filter>Source Files\axn\world</Filter>
    </ClInclude>
    <ClInclude Include="Sign.hpp">
      <Filter>Source Files\mt\environment</Filter>
    </ClInclude>
    <ClInclude Include="Porkupine.hpp">
      <Filter>Source Files\mt\mobs\enemies</Filter>
    </ClInclude>
    <ClInclude Include="Gopher.hpp">
      <Filter>Source Files\mt\mobs\enemies</Filter>
    </ClInclude>
    <ClInclude Include="Wisp.hpp">
      <Filter>Source Files\mt\mobs\enemies</Filter>
    </ClInclude>
    <ClInclude Include="Unalope.hpp">
      <Filter>Source Files\mt\mobs\enemies</Filter>
    </ClInclude>
    <ClInclude Include="Bird.hpp">
      <Filter>Source Files\mt\mobs\enemies</Filter>
    </ClInclude>
    <ClInclude Include="Fox.hpp">
      <Filter>Source Files\mt\mobs\enemies</Filter>
    </ClInclude>
    <ClInclude Include="Butterfly.hpp">
      <Filter>Source Files\mt\mobs\passive</Filter>
    </ClInclude>
    <ClInclude Include="Snail.hpp">
      <Filter>Source Files\mt\mobs\passive</Filter>
    </ClInclude>
    <ClInclude Include="MountainRange.hpp">
      <Filter>Source Files\mt\background</Filter>
    </ClInclude>
    <ClInclude Include="Hills.hpp">
      <Filter>Source Files\mt\background</Filter>
    </ClInclude>
    <ClInclude Include="Cloud.hpp">
      <Filter>Source Files\mt\background</Filter>
    </ClInclude>
    <ClInclude Include="Sky.hpp">
      <Filter>Source Files\mt\background</Filter>
    </ClInclude>
    <ClInclude Include="Spikes.hpp">
      <Filter>Source Files\mt\hazards</Filter>
    </ClInclude>
    <ClInclude Include="Thorns.hpp">
      <Filter>Source Files\mt\hazards</Filter>
    </ClInclude>
    <ClInclude Include="AspineTree.hpp">
      <Filter>Source Files\mt\environment\plants</Filter>
    </ClInclude>
    <ClInclude Include="Bush.hpp">
      <Filter>Source Files\mt\environment\plants</Filter>
    </ClInclude>
    <ClInclude Include="PineTree.hpp">
      <Filter>Source Files\mt\environment\plants</Filter>
    </ClInclude>
    <ClInclude Include="Stalite.hpp">
      <Filter>Source Files\mt\environment\rocks</Filter>
    </ClInclude>
    <ClInclude Include="Boulder.hpp">
      <Filter>Source Files\mt\environment\rocks</Filter>
    </ClInclude>
    <ClInclude Include="Waterfall.hpp">
      <Filter>Source Files\mt\environment\water</Filter>
    </ClInclude>
    <ClInclude Include="WaterDrop.hpp">
      <Filter>Source Files\mt\environment\water</Filter>
    </ClInclude>
    <ClInclude Include="PlainsTerrain.hpp">
      <Filter>Source Files\mt\environment\terrain</Filter>
    </ClInclude>
    <ClInclude Include="Skull.hpp">
      <Filter>Source Files\mt\environment\misc</Filter>
    </ClInclude>
    <ClInclude Include="Fire.hpp">
      <Filter>Source Files\mt\environment\misc</Filter>
    </ClInclude>
    <ClInclude Include="Dust.hpp">
      <Filter>Source Files\mt\environment\misc</Filter>
    </ClInclude>
    <ClInclude Include="DistantBird.hpp">
      <Filter>Source Files\mt\background</Filter>
    </ClInclude>
    <ClInclude Include="Cycle.hpp">
      <Filter>Source Files\axn\geometry</Filter>
    </ClInclude>
  </ItemGroup>
</Project>