<?xml version="1.0" encoding="utf-8"?>
<Project ToolsVersion="4.0" xmlns="http://schemas.microsoft.com/developer/msbuild/2003">
  <ItemGroup>
    <Filter Include="Source Files">
      <UniqueIdentifier>{4FC737F1-C7A5-4376-A066-2A32D752A2FF}</UniqueIdentifier>
      <Extensions>cpp;c;cc;cxx;c++;cppm;ixx;def;odl;idl;hpj;bat;asm;asmx</Extensions>
    </Filter>
    <Filter Include="Resource Files">
      <UniqueIdentifier>{67DA6AB6-F800-4c08-8B7A-83BB121AAD01}</UniqueIdentifier>
      <Extensions>rc;ico;cur;bmp;dlg;rc2;rct;bin;rgs;gif;jpg;jpeg;jpe;resx;tiff;tif;png;wav;mfcribbon-ms</Extensions>
    </Filter>
    <Filter Include="Source Files\axn">
      <UniqueIdentifier>{16eb901d-3faa-4d67-8b69-a8bf4219703c}</UniqueIdentifier>
    </Filter>
    <Filter Include="Source Files\axn\audio">
      <UniqueIdentifier>{4f8f48e6-2b82-4c86-81cb-536284b6ede5}</UniqueIdentifier>
    </Filter>
    <Filter Include="Source Files\axn\graphics">
      <UniqueIdentifier>{2ee78bad-1ff7-4740-b0e6-43386e14a692}</UniqueIdentifier>
    </Filter>
    <Filter Include="Source Files\axn\geometry">
      <UniqueIdentifier>{9901c097-6589-4d1c-87b0-7d5cb6c0aefd}</UniqueIdentifier>
    </Filter>
    <Filter Include="Source Files\axn\world">
      <UniqueIdentifier>{61bbb9cf-ff70-430c-b619-59afa9d795da}</UniqueIdentifier>
    </Filter>
    <Filter Include="Source Files\axn\physics">
      <UniqueIdentifier>{28286141-424f-4372-8322-7d80ea22c30c}</UniqueIdentifier>
    </Filter>
    <Filter Include="Source Files\axn\system">
      <UniqueIdentifier>{29b97ae2-b3ad-40fc-ae1d-3a3f9e9f6c5d}</UniqueIdentifier>
    </Filter>
    <Filter Include="Source Files\axn\tests">
      <UniqueIdentifier>{a610f5a8-095c-458c-a4ba-2844388b776b}</UniqueIdentifier>
    </Filter>
    <Filter Include="Source Files\mt">
      <UniqueIdentifier>{530a088b-7ac2-4732-a6cf-094a0968ca73}</UniqueIdentifier>
    </Filter>
    <Filter Include="Source Files\mt\mobs">
      <UniqueIdentifier>{f8855b11-c71b-4878-a081-ce5cc33a5e41}</UniqueIdentifier>
    </Filter>
    <Filter Include="Source Files\mt\mobs\enemies">
      <UniqueIdentifier>{50c41bfe-614b-44cf-9663-b85e4760d2ce}</UniqueIdentifier>
    </Filter>
    <Filter Include="Source Files\mt\background">
      <UniqueIdentifier>{31436bb5-d305-400b-a6c2-520e41d1cbd7}</UniqueIdentifier>
    </Filter>
    <Filter Include="Source Files\mt\hazards">
      <UniqueIdentifier>{32fa7ebc-ee00-477f-900f-e47b80b55194}</UniqueIdentifier>
    </Filter>
    <Filter Include="Source Files\mt\environment">
      <UniqueIdentifier>{15a22544-4247-4a99-b0c5-acb6a1554312}</UniqueIdentifier>
    </Filter>
    <Filter Include="Source Files\mt\player">
      <UniqueIdentifier>{6cc30dd3-f42d-40db-a611-c288261f3933}</UniqueIdentifier>
    </Filter>
    <Filter Include="Source Files\mt\rooms">
      <UniqueIdentifier>{b983fd4d-6a82-49ee-8ce0-377ab00971bd}</UniqueIdentifier>
    </Filter>
    <Filter Include="Source Files\mt\environment\water">
      <UniqueIdentifier>{a57f4e64-0dc3-4082-bb9c-d5c35ce8b3ad}</UniqueIdentifier>
    </Filter>
    <Filter Include="Source Files\mt\environment\rocks">
      <UniqueIdentifier>{bdaa3acf-0f1f-4899-bc08-25f7cd4856c0}</UniqueIdentifier>
    </Filter>
    <Filter Include="Source Files\mt\environment\critters">
      <UniqueIdentifier>{c922be4e-216d-4671-b16e-fc6bbfdda282}</UniqueIdentifier>
    </Filter>
    <Filter Include="Source Files\mt\environment\misc">
      <UniqueIdentifier>{ec1f320c-84d3-4e71-8a21-66032727ffa6}</UniqueIdentifier>
    </Filter>
    <Filter Include="Source Files\mt\environment\plants">
      <UniqueIdentifier>{db076324-f01e-41f4-b870-4ce8b8d1b616}</UniqueIdentifier>
    </Filter>
    <Filter Include="Source Files\mt\terrain">
      <UniqueIdentifier>{d1b4e0ce-5a28-4b16-9d30-182cc2a89677}</UniqueIdentifier>
    </Filter>
  </ItemGroup>
  <ItemGroup>
    <ClCompile Include="src\main.cpp">
      <Filter>Source Files</Filter>
    </ClCompile>
    <ClCompile Include="src\axn\audio\SoundClip.cpp">
      <Filter>Source Files\axn\audio</Filter>
    </ClCompile>
    <ClCompile Include="src\axn\audio\Speaker.cpp">
      <Filter>Source Files\axn\audio</Filter>
    </ClCompile>
    <ClCompile Include="src\axn\graphics\Camera.cpp">
      <Filter>Source Files\axn\graphics</Filter>
    </ClCompile>
    <ClCompile Include="src\axn\graphics\Drawing.cpp">
      <Filter>Source Files\axn\graphics</Filter>
    </ClCompile>
    <ClCompile Include="src\axn\graphics\Lighting.cpp">
      <Filter>Source Files\axn\graphics</Filter>
    </ClCompile>
    <ClCompile Include="src\axn\graphics\LightSource.cpp">
      <Filter>Source Files\axn\graphics</Filter>
    </ClCompile>
    <ClCompile Include="src\axn\world\Enemy.cpp">
      <Filter>Source Files\axn\world</Filter>
    </ClCompile>
    <ClCompile Include="src\axn\world\Mob.cpp">
      <Filter>Source Files\axn\world</Filter>
    </ClCompile>
    <ClCompile Include="src\axn\world\Object.cpp">
      <Filter>Source Files\axn\world</Filter>
    </ClCompile>
    <ClCompile Include="src\axn\world\Particle.cpp">
      <Filter>Source Files\axn\world</Filter>
    </ClCompile>
    <ClCompile Include="src\axn\world\Player.cpp">
      <Filter>Source Files\axn\world</Filter>
    </ClCompile>
    <ClCompile Include="src\axn\world\Projectile.cpp">
      <Filter>Source Files\axn\world</Filter>
    </ClCompile>
    <ClCompile Include="src\axn\world\Room.cpp">
      <Filter>Source Files\axn\world</Filter>
    </ClCompile>
    <ClCompile Include="src\axn\world\SplashScreen.cpp">
      <Filter>Source Files\axn\world</Filter>
    </ClCompile>
    <ClCompile Include="src\axn\world\Terrain.cpp">
      <Filter>Source Files\axn\world</Filter>
    </ClCompile>
    <ClCompile Include="src\axn\world\World.cpp">
      <Filter>Source Files\axn\world</Filter>
    </ClCompile>
    <ClCompile Include="src\axn\system\Clock.cpp">
      <Filter>Source Files\axn\system</Filter>
    </ClCompile>
    <ClCompile Include="src\axn\system\Engine.cpp">
      <Filter>Source Files\axn\system</Filter>
    </ClCompile>
    <ClCompile Include="src\axn\system\EngineCatch.cpp">
      <Filter>Source Files\axn\system</Filter>
    </ClCompile>
    <ClCompile Include="src\axn\system\EngineSDL.cpp">
      <Filter>Source Files\axn\system</Filter>
    </ClCompile>
    <ClCompile Include="src\axn\system\Logger.cpp">
      <Filter>Source Files\axn\system</Filter>
    </ClCompile>
    <ClCompile Include="src\axn\system\OGL.cpp">
      <Filter>Source Files\axn\system</Filter>
    </ClCompile>
    <ClCompile Include="src\axn\system\Random.cpp">
      <Filter>Source Files\axn\system</Filter>
    </ClCompile>
    <ClCompile Include="src\axn\system\Settings.cpp">
      <Filter>Source Files\axn\system</Filter>
    </ClCompile>
    <ClCompile Include="src\mt\MountMerciless.cpp">
      <Filter>Source Files\mt</Filter>
    </ClCompile>
    <ClCompile Include="src\mt\rooms\Caves.cpp">
      <Filter>Source Files\mt\rooms</Filter>
    </ClCompile>
    <ClCompile Include="src\mt\rooms\TrainingGrounds.cpp">
      <Filter>Source Files\mt\rooms</Filter>
    </ClCompile>
    <ClCompile Include="src\mt\mobs\Bird.cpp">
      <Filter>Source Files\mt\mobs</Filter>
    </ClCompile>
    <ClCompile Include="src\mt\mobs\enemies\Fox.cpp">
      <Filter>Source Files\mt\mobs\enemies</Filter>
    </ClCompile>
    <ClCompile Include="src\mt\mobs\enemies\Gopher.cpp">
      <Filter>Source Files\mt\mobs\enemies</Filter>
    </ClCompile>
    <ClCompile Include="src\mt\mobs\enemies\Porkupine.cpp">
      <Filter>Source Files\mt\mobs\enemies</Filter>
    </ClCompile>
    <ClCompile Include="src\mt\mobs\enemies\Unalope.cpp">
      <Filter>Source Files\mt\mobs\enemies</Filter>
    </ClCompile>
    <ClCompile Include="src\mt\mobs\enemies\Wisp.cpp">
      <Filter>Source Files\mt\mobs\enemies</Filter>
    </ClCompile>
    <ClCompile Include="src\mt\background\Cloud.cpp">
      <Filter>Source Files\mt\background</Filter>
    </ClCompile>
    <ClCompile Include="src\mt\background\DistantBird.cpp">
      <Filter>Source Files\mt\background</Filter>
    </ClCompile>
    <ClCompile Include="src\mt\background\Hills.cpp">
      <Filter>Source Files\mt\background</Filter>
    </ClCompile>
    <ClCompile Include="src\mt\background\MountainRange.cpp">
      <Filter>Source Files\mt\background</Filter>
    </ClCompile>
    <ClCompile Include="src\mt\background\Sky.cpp">
      <Filter>Source Files\mt\background</Filter>
    </ClCompile>
    <ClCompile Include="src\mt\environment\critters\Butterfly.cpp">
      <Filter>Source Files\mt\environment\critters</Filter>
    </ClCompile>
    <ClCompile Include="src\mt\environment\critters\Snail.cpp">
      <Filter>Source Files\mt\environment\critters</Filter>
    </ClCompile>
    <ClCompile Include="src\mt\environment\rocks\Boulder.cpp">
      <Filter>Source Files\mt\environment\rocks</Filter>
    </ClCompile>
    <ClCompile Include="src\mt\environment\rocks\Stalite.cpp">
      <Filter>Source Files\mt\environment\rocks</Filter>
    </ClCompile>
    <ClCompile Include="src\mt\environment\plants\AspineTree.cpp">
      <Filter>Source Files\mt\environment\plants</Filter>
    </ClCompile>
    <ClCompile Include="src\mt\environment\plants\Bush.cpp">
      <Filter>Source Files\mt\environment\plants</Filter>
    </ClCompile>
    <ClCompile Include="src\mt\environment\plants\PineTree.cpp">
      <Filter>Source Files\mt\environment\plants</Filter>
    </ClCompile>
    <ClCompile Include="src\mt\environment\water\WaterDrop.cpp">
      <Filter>Source Files\mt\environment\water</Filter>
    </ClCompile>
    <ClCompile Include="src\mt\environment\water\Waterfall.cpp">
      <Filter>Source Files\mt\environment\water</Filter>
    </ClCompile>
    <ClCompile Include="src\mt\environment\misc\Bone.cpp">
      <Filter>Source Files\mt\environment\misc</Filter>
    </ClCompile>
    <ClCompile Include="src\mt\environment\misc\CampFire.cpp">
      <Filter>Source Files\mt\environment\misc</Filter>
    </ClCompile>
    <ClCompile Include="src\mt\environment\misc\Dust.cpp">
      <Filter>Source Files\mt\environment\misc</Filter>
    </ClCompile>
    <ClCompile Include="src\mt\environment\misc\Fire.cpp">
      <Filter>Source Files\mt\environment\misc</Filter>
    </ClCompile>
    <ClCompile Include="src\mt\environment\misc\Sign.cpp">
      <Filter>Source Files\mt\environment\misc</Filter>
    </ClCompile>
    <ClCompile Include="src\mt\player\Arrow.cpp">
      <Filter>Source Files\mt\player</Filter>
    </ClCompile>
    <ClCompile Include="src\mt\player\Climber.cpp">
      <Filter>Source Files\mt\player</Filter>
    </ClCompile>
    <ClCompile Include="src\mt\player\Hook.cpp">
      <Filter>Source Files\mt\player</Filter>
    </ClCompile>
    <ClCompile Include="src\mt\hazards\Spikes.cpp">
      <Filter>Source Files\mt\hazards</Filter>
    </ClCompile>
    <ClCompile Include="src\mt\hazards\Thorns.cpp">
      <Filter>Source Files\mt\hazards</Filter>
    </ClCompile>
    <ClCompile Include="src\mt\terrain\PlainsTerrain.cpp">
      <Filter>Source Files\mt\terrain</Filter>
    </ClCompile>
    <ClCompile Include="src\axn\world\Damage.cpp">
      <Filter>Source Files\axn\world</Filter>
    </ClCompile>
    <ClCompile Include="src\mt\terrain\CavesTerrain.cpp">
      <Filter>Source Files\mt\terrain</Filter>
    </ClCompile>
    <ClCompile Include="src\axn\world\Door.cpp">
      <Filter>Source Files\axn\world</Filter>
    </ClCompile>
  </ItemGroup>
  <ItemGroup>
    <ClInclude Include="src\axn\AXN.hpp">
      <Filter>Source Files\axn</Filter>
    </ClInclude>
    <ClInclude Include="src\axn\audio\Audio.hpp">
      <Filter>Source Files\axn\audio</Filter>
    </ClInclude>
    <ClInclude Include="src\axn\audio\SoundClip.hpp">
      <Filter>Source Files\axn\audio</Filter>
    </ClInclude>
    <ClInclude Include="src\axn\audio\Speaker.hpp">
      <Filter>Source Files\axn\audio</Filter>
    </ClInclude>
    <ClInclude Include="src\axn\physics\Joint.hpp">
      <Filter>Source Files\axn\physics</Filter>
    </ClInclude>
    <ClInclude Include="src\axn\physics\Matter.hpp">
      <Filter>Source Files\axn\physics</Filter>
    </ClInclude>
    <ClInclude Include="src\axn\physics\Physics.hpp">
      <Filter>Source Files\axn\physics</Filter>
    </ClInclude>
    <ClInclude Include="src\axn\graphics\Camera.hpp">
      <Filter>Source Files\axn\graphics</Filter>
    </ClInclude>
    <ClInclude Include="src\axn\graphics\Color.hpp">
      <Filter>Source Files\axn\graphics</Filter>
    </ClInclude>
    <ClInclude Include="src\axn\graphics\Drawing.hpp">
      <Filter>Source Files\axn\graphics</Filter>
    </ClInclude>
    <ClInclude Include="src\axn\graphics\Graphics.hpp">
      <Filter>Source Files\axn\graphics</Filter>
    </ClInclude>
    <ClInclude Include="src\axn\graphics\Lighting.hpp">
      <Filter>Source Files\axn\graphics</Filter>
    </ClInclude>
    <ClInclude Include="src\axn\graphics\LightSource.hpp">
      <Filter>Source Files\axn\graphics</Filter>
    </ClInclude>
    <ClInclude Include="src\axn\graphics\Visible.hpp">
      <Filter>Source Files\axn\graphics</Filter>
    </ClInclude>
    <ClInclude Include="src\axn\geometry\Angle.hpp">
      <Filter>Source Files\axn\geometry</Filter>
    </ClInclude>
    <ClInclude Include="src\axn\geometry\Arc.hpp">
      <Filter>Source Files\axn\geometry</Filter>
    </ClInclude>
    <ClInclude Include="src\axn\geometry\Bezier.hpp">
      <Filter>Source Files\axn\geometry</Filter>
    </ClInclude>
    <ClInclude Include="src\axn\geometry\Cycle.hpp">
      <Filter>Source Files\axn\geometry</Filter>
    </ClInclude>
    <ClInclude Include="src\axn\geometry\FixedRectangle.hpp">
      <Filter>Source Files\axn\geometry</Filter>
    </ClInclude>
    <ClInclude Include="src\axn\geometry\Geometry.hpp">
      <Filter>Source Files\axn\geometry</Filter>
    </ClInclude>
    <ClInclude Include="src\axn\geometry\Line.hpp">
      <Filter>Source Files\axn\geometry</Filter>
    </ClInclude>
    <ClInclude Include="src\axn\geometry\Path.hpp">
      <Filter>Source Files\axn\geometry</Filter>
    </ClInclude>
    <ClInclude Include="src\axn\geometry\Planc.hpp">
      <Filter>Source Files\axn\geometry</Filter>
    </ClInclude>
    <ClInclude Include="src\axn\geometry\Point.hpp">
      <Filter>Source Files\axn\geometry</Filter>
    </ClInclude>
    <ClInclude Include="src\axn\geometry\Polygon.hpp">
      <Filter>Source Files\axn\geometry</Filter>
    </ClInclude>
    <ClInclude Include="src\axn\geometry\Transform.hpp">
      <Filter>Source Files\axn\geometry</Filter>
    </ClInclude>
    <ClInclude Include="src\axn\geometry\Triangle.hpp">
      <Filter>Source Files\axn\geometry</Filter>
    </ClInclude>
    <ClInclude Include="src\axn\geometry\Vector.hpp">
      <Filter>Source Files\axn\geometry</Filter>
    </ClInclude>
    <ClInclude Include="src\axn\world\Damage.hpp">
      <Filter>Source Files\axn\world</Filter>
    </ClInclude>
    <ClInclude Include="src\axn\world\Enemy.hpp">
      <Filter>Source Files\axn\world</Filter>
    </ClInclude>
    <ClInclude Include="src\axn\world\Hazard.hpp">
      <Filter>Source Files\axn\world</Filter>
    </ClInclude>
    <ClInclude Include="src\axn\world\Hitbox.hpp">
      <Filter>Source Files\axn\world</Filter>
    </ClInclude>
    <ClInclude Include="src\axn\world\Mob.hpp">
      <Filter>Source Files\axn\world</Filter>
    </ClInclude>
    <ClInclude Include="src\axn\world\Object.hpp">
      <Filter>Source Files\axn\world</Filter>
    </ClInclude>
    <ClInclude Include="src\axn\world\Particle.hpp">
      <Filter>Source Files\axn\world</Filter>
    </ClInclude>
    <ClInclude Include="src\axn\world\Player.hpp">
      <Filter>Source Files\axn\world</Filter>
    </ClInclude>
    <ClInclude Include="src\axn\world\Projectile.hpp">
      <Filter>Source Files\axn\world</Filter>
    </ClInclude>
    <ClInclude Include="src\axn\world\Room.hpp">
      <Filter>Source Files\axn\world</Filter>
    </ClInclude>
    <ClInclude Include="src\axn\world\SplashScreen.hpp">
      <Filter>Source Files\axn\world</Filter>
    </ClInclude>
    <ClInclude Include="src\axn\world\Terrain.hpp">
      <Filter>Source Files\axn\world</Filter>
    </ClInclude>
    <ClInclude Include="src\axn\world\World.hpp">
      <Filter>Source Files\axn\world</Filter>
    </ClInclude>
    <ClInclude Include="src\axn\system\Assert.hpp">
      <Filter>Source Files\axn\system</Filter>
    </ClInclude>
    <ClInclude Include="src\axn\system\Clock.hpp">
      <Filter>Source Files\axn\system</Filter>
    </ClInclude>
    <ClInclude Include="src\axn\system\Debug.hpp">
      <Filter>Source Files\axn\system</Filter>
    </ClInclude>
    <ClInclude Include="src\axn\system\Defines.hpp">
      <Filter>Source Files\axn\system</Filter>
    </ClInclude>
    <ClInclude Include="src\axn\system\Engine.hpp">
      <Filter>Source Files\axn\system</Filter>
    </ClInclude>
    <ClInclude Include="src\axn\system\Error.hpp">
      <Filter>Source Files\axn\system</Filter>
    </ClInclude>
    <ClInclude Include="src\axn\system\Logger.hpp">
      <Filter>Source Files\axn\system</Filter>
    </ClInclude>
    <ClInclude Include="src\axn\system\OGL.hpp">
      <Filter>Source Files\axn\system</Filter>
    </ClInclude>
    <ClInclude Include="src\axn\system\OS.hpp">
      <Filter>Source Files\axn\system</Filter>
    </ClInclude>
    <ClInclude Include="src\axn\system\Random.hpp">
      <Filter>Source Files\axn\system</Filter>
    </ClInclude>
    <ClInclude Include="src\axn\system\Settings.hpp">
      <Filter>Source Files\axn\system</Filter>
    </ClInclude>
    <ClInclude Include="src\axn\system\STD.hpp">
      <Filter>Source Files\axn\system</Filter>
    </ClInclude>
    <ClInclude Include="src\axn\system\STDc.hpp">
      <Filter>Source Files\axn\system</Filter>
    </ClInclude>
    <ClInclude Include="src\axn\tests\Catch.hpp">
      <Filter>Source Files\axn\tests</Filter>
    </ClInclude>
    <ClInclude Include="src\axn\tests\Tests.hpp">
      <Filter>Source Files\axn\tests</Filter>
    </ClInclude>
    <ClInclude Include="src\axn\tests\TestsUtil.hpp">
      <Filter>Source Files\axn\tests</Filter>
    </ClInclude>
    <ClInclude Include="src\mt\MountMerciless.hpp">
      <Filter>Source Files\mt</Filter>
    </ClInclude>
    <ClInclude Include="src\mt\rooms\Caves.hpp">
      <Filter>Source Files\mt\rooms</Filter>
    </ClInclude>
    <ClInclude Include="src\mt\rooms\TrainingGrounds.hpp">
      <Filter>Source Files\mt\rooms</Filter>
    </ClInclude>
    <ClInclude Include="src\mt\mobs\Bird.hpp">
      <Filter>Source Files\mt\mobs</Filter>
    </ClInclude>
    <ClInclude Include="src\mt\mobs\enemies\Fox.hpp">
      <Filter>Source Files\mt\mobs\enemies</Filter>
    </ClInclude>
    <ClInclude Include="src\mt\mobs\enemies\Gopher.hpp">
      <Filter>Source Files\mt\mobs\enemies</Filter>
    </ClInclude>
    <ClInclude Include="src\mt\mobs\enemies\Porkupine.hpp">
      <Filter>Source Files\mt\mobs\enemies</Filter>
    </ClInclude>
    <ClInclude Include="src\mt\mobs\enemies\Unalope.hpp">
      <Filter>Source Files\mt\mobs\enemies</Filter>
    </ClInclude>
    <ClInclude Include="src\mt\mobs\enemies\Wisp.hpp">
      <Filter>Source Files\mt\mobs\enemies</Filter>
    </ClInclude>
    <ClInclude Include="src\mt\background\Cloud.hpp">
      <Filter>Source Files\mt\background</Filter>
    </ClInclude>
    <ClInclude Include="src\mt\background\DistantBird.hpp">
      <Filter>Source Files\mt\background</Filter>
    </ClInclude>
    <ClInclude Include="src\mt\background\Hills.hpp">
      <Filter>Source Files\mt\background</Filter>
    </ClInclude>
    <ClInclude Include="src\mt\background\MountainRange.hpp">
      <Filter>Source Files\mt\background</Filter>
    </ClInclude>
    <ClInclude Include="src\mt\background\Sky.hpp">
      <Filter>Source Files\mt\background</Filter>
    </ClInclude>
    <ClInclude Include="src\mt\environment\critters\Butterfly.hpp">
      <Filter>Source Files\mt\environment\critters</Filter>
    </ClInclude>
    <ClInclude Include="src\mt\environment\critters\Snail.hpp">
      <Filter>Source Files\mt\environment\critters</Filter>
    </ClInclude>
    <ClInclude Include="src\mt\environment\rocks\Boulder.hpp">
      <Filter>Source Files\mt\environment\rocks</Filter>
    </ClInclude>
    <ClInclude Include="src\mt\environment\rocks\Stalite.hpp">
      <Filter>Source Files\mt\environment\rocks</Filter>
    </ClInclude>
    <ClInclude Include="src\mt\environment\plants\AspineTree.hpp">
      <Filter>Source Files\mt\environment\plants</Filter>
    </ClInclude>
    <ClInclude Include="src\mt\environment\plants\Bush.hpp">
      <Filter>Source Files\mt\environment\plants</Filter>
    </ClInclude>
    <ClInclude Include="src\mt\environment\plants\PineTree.hpp">
      <Filter>Source Files\mt\environment\plants</Filter>
    </ClInclude>
    <ClInclude Include="src\mt\environment\water\WaterDrop.hpp">
      <Filter>Source Files\mt\environment\water</Filter>
    </ClInclude>
    <ClInclude Include="src\mt\environment\water\Waterfall.hpp">
      <Filter>Source Files\mt\environment\water</Filter>
    </ClInclude>
    <ClInclude Include="src\mt\environment\misc\Bone.hpp">
      <Filter>Source Files\mt\environment\misc</Filter>
    </ClInclude>
    <ClInclude Include="src\mt\environment\misc\CampFire.hpp">
      <Filter>Source Files\mt\environment\misc</Filter>
    </ClInclude>
    <ClInclude Include="src\mt\environment\misc\Dust.hpp">
      <Filter>Source Files\mt\environment\misc</Filter>
    </ClInclude>
    <ClInclude Include="src\mt\environment\misc\Fire.hpp">
      <Filter>Source Files\mt\environment\misc</Filter>
    </ClInclude>
    <ClInclude Include="src\mt\environment\misc\Sign.hpp">
      <Filter>Source Files\mt\environment\misc</Filter>
    </ClInclude>
    <ClInclude Include="src\mt\player\Arrow.hpp">
      <Filter>Source Files\mt\player</Filter>
    </ClInclude>
    <ClInclude Include="src\mt\player\Climber.hpp">
      <Filter>Source Files\mt\player</Filter>
    </ClInclude>
    <ClInclude Include="src\mt\player\Hook.hpp">
      <Filter>Source Files\mt\player</Filter>
    </ClInclude>
    <ClInclude Include="src\mt\hazards\Spikes.hpp">
      <Filter>Source Files\mt\hazards</Filter>
    </ClInclude>
    <ClInclude Include="src\mt\hazards\Thorns.hpp">
      <Filter>Source Files\mt\hazards</Filter>
    </ClInclude>
    <ClInclude Include="src\axn\system\Utility.hpp">
      <Filter>Source Files\axn\system</Filter>
    </ClInclude>
    <ClInclude Include="src\mt\terrain\PlainsTerrain.hpp">
      <Filter>Source Files\mt\terrain</Filter>
    </ClInclude>
    <ClInclude Include="src\axn\system\STDptr.hpp">
      <Filter>Source Files\axn\system</Filter>
    </ClInclude>
    <ClInclude Include="src\axn\system\Namespaces.hpp">
      <Filter>Source Files\axn\system</Filter>
    </ClInclude>
    <ClInclude Include="src\axn\geometry\Crescent.hpp">
      <Filter>Source Files\axn\geometry</Filter>
    </ClInclude>
    <ClInclude Include="src\axn\geometry\Circle.hpp">
      <Filter>Source Files\axn\geometry</Filter>
    </ClInclude>
    <ClInclude Include="src\axn\system\STDio.hpp">
      <Filter>Source Files\axn\system</Filter>
    </ClInclude>
    <ClInclude Include="src\axn\tests\TestsGeometry.hpp">
      <Filter>Source Files\axn\tests</Filter>
    </ClInclude>
    <ClInclude Include="src\mt\terrain\CavesTerrain.hpp">
      <Filter>Source Files\mt\terrain</Filter>
    </ClInclude>
    <ClInclude Include="src\axn\world\Door.hpp">
      <Filter>Source Files\axn\world</Filter>
    </ClInclude>
  </ItemGroup>
</Project>