// !$*UTF8*$!
{
	archiveVersion = 1;
	classes = {
	};
	objectVersion = 56;
	objects = {

/* Begin PBXBuildFile section */
		AA01DC022BF32283006FE720 /* Random.cpp in Sources */ = {isa = PBXBuildFile; fileRef = AA01DC012BF32283006FE720 /* Random.cpp */; };
		AA02570A2BB939BC00DB1313 /* Hills.cpp in Sources */ = {isa = PBXBuildFile; fileRef = AA0257082BB939BC00DB1313 /* Hills.cpp */; };
		AA13AC9C2BD1FADB005DAD3C /* GrassTerrain.cpp in Sources */ = {isa = PBXBuildFile; fileRef = AA13AC9A2BD1FADB005DAD3C /* GrassTerrain.cpp */; };
		AA13ACA32BD33859005DAD3C /* Snail.cpp in Sources */ = {isa = PBXBuildFile; fileRef = AA13ACA12BD33859005DAD3C /* Snail.cpp */; };
		AA13ACA62BD34405005DAD3C /* AspenTree.cpp in Sources */ = {isa = PBXBuildFile; fileRef = AA13ACA42BD34405005DAD3C /* AspenTree.cpp */; };
		AA13ACA92BD357D4005DAD3C /* Bush.cpp in Sources */ = {isa = PBXBuildFile; fileRef = AA13ACA72BD357D4005DAD3C /* Bush.cpp */; };
		AA22A1812BCA2DD10048F445 /* Dust.cpp in Sources */ = {isa = PBXBuildFile; fileRef = AA22A17F2BCA2DD10048F445 /* Dust.cpp */; };
		AA22A1842BD038B40048F445 /* Skull.cpp in Sources */ = {isa = PBXBuildFile; fileRef = AA22A1822BD038B30048F445 /* Skull.cpp */; };
		AA269A9729D790B90093CF81 /* Waterfall.cpp in Sources */ = {isa = PBXBuildFile; fileRef = AA269A9529D790B90093CF81 /* Waterfall.cpp */; };
		AA4B69CB29C27E8B00B26E9E /* SDL2_image.framework in Frameworks */ = {isa = PBXBuildFile; fileRef = AA7A3E7329B6F8320005EEA7 /* SDL2_image.framework */; };
		AA4B69CE29C27E8D00B26E9E /* SDL2_mixer.framework in Frameworks */ = {isa = PBXBuildFile; fileRef = AA7A3E7129B6F81C0005EEA7 /* SDL2_mixer.framework */; };
		AA4B69D029C27E8F00B26E9E /* SDL2.framework in Frameworks */ = {isa = PBXBuildFile; fileRef = AA7A3E6F29B6F7F00005EEA7 /* SDL2.framework */; };
		AA597D872BF02B050032B3BC /* FixedRectangle.cpp in Sources */ = {isa = PBXBuildFile; fileRef = AA597D852BF02B050032B3BC /* FixedRectangle.cpp */; };
		AA5EC1112A81A6B9006EE411 /* Transform.cpp in Sources */ = {isa = PBXBuildFile; fileRef = AA5EC1102A81A6B9006EE411 /* Transform.cpp */; };
		AA61027E2B2BF2940098B280 /* Polygon.cpp in Sources */ = {isa = PBXBuildFile; fileRef = AA61027D2B2BF2940098B280 /* Polygon.cpp */; };
		AA6CA9912AFCD549003CEA0A /* OpenGL.framework in Frameworks */ = {isa = PBXBuildFile; fileRef = AA6CA9902AFCD549003CEA0A /* OpenGL.framework */; };
		AA6CA99A2AFCD6A7003CEA0A /* OGL.cpp in Sources */ = {isa = PBXBuildFile; fileRef = AA6CA9982AFCD6A7003CEA0A /* OGL.cpp */; };
		AA6CA99C2AFCE2AE003CEA0A /* GLUT.framework in Frameworks */ = {isa = PBXBuildFile; fileRef = AA6CA99B2AFCE2AE003CEA0A /* GLUT.framework */; };
		AA7A3E4429B6E2540005EEA7 /* Clock.cpp in Sources */ = {isa = PBXBuildFile; fileRef = AA7A3DD829B6E2540005EEA7 /* Clock.cpp */; };
		AA7A3E4529B6E2540005EEA7 /* Logger.cpp in Sources */ = {isa = PBXBuildFile; fileRef = AA7A3DD929B6E2540005EEA7 /* Logger.cpp */; };
		AA7A3E4729B6E2540005EEA7 /* TerrainEdge.cpp in Sources */ = {isa = PBXBuildFile; fileRef = AA7A3DE029B6E2540005EEA7 /* TerrainEdge.cpp */; };
		AA7A3E4829B6E2540005EEA7 /* Object.cpp in Sources */ = {isa = PBXBuildFile; fileRef = AA7A3DE229B6E2540005EEA7 /* Object.cpp */; };
		AA7A3E4929B6E2540005EEA7 /* Mob.cpp in Sources */ = {isa = PBXBuildFile; fileRef = AA7A3DE429B6E2540005EEA7 /* Mob.cpp */; };
		AA7A3E4A29B6E2540005EEA7 /* Lighting.cpp in Sources */ = {isa = PBXBuildFile; fileRef = AA7A3DE529B6E2540005EEA7 /* Lighting.cpp */; };
		AA7A3E4B29B6E2540005EEA7 /* TerrainVertex.cpp in Sources */ = {isa = PBXBuildFile; fileRef = AA7A3DE829B6E2540005EEA7 /* TerrainVertex.cpp */; };
		AA7A3E4C29B6E2540005EEA7 /* PineTree.cpp in Sources */ = {isa = PBXBuildFile; fileRef = AA7A3DEB29B6E2540005EEA7 /* PineTree.cpp */; };
		AA7A3E4D29B6E2540005EEA7 /* Cloud.cpp in Sources */ = {isa = PBXBuildFile; fileRef = AA7A3DEC29B6E2540005EEA7 /* Cloud.cpp */; };
		AA7A3E4E29B6E2540005EEA7 /* Sky.cpp in Sources */ = {isa = PBXBuildFile; fileRef = AA7A3DED29B6E2540005EEA7 /* Sky.cpp */; };
		AA7A3E4F29B6E2540005EEA7 /* Fire.cpp in Sources */ = {isa = PBXBuildFile; fileRef = AA7A3DF129B6E2540005EEA7 /* Fire.cpp */; };
		AA7A3E5029B6E2540005EEA7 /* Terrain.cpp in Sources */ = {isa = PBXBuildFile; fileRef = AA7A3DF329B6E2540005EEA7 /* Terrain.cpp */; };
		AA7A3E5229B6E2540005EEA7 /* World.cpp in Sources */ = {isa = PBXBuildFile; fileRef = AA7A3DF529B6E2540005EEA7 /* World.cpp */; };
		AA7A3E5329B6E2540005EEA7 /* SoundClip.cpp in Sources */ = {isa = PBXBuildFile; fileRef = AA7A3DFD29B6E2540005EEA7 /* SoundClip.cpp */; };
		AA7A3E5429B6E2540005EEA7 /* Speaker.cpp in Sources */ = {isa = PBXBuildFile; fileRef = AA7A3DFE29B6E2540005EEA7 /* Speaker.cpp */; };
		AA7A3E5629B6E2540005EEA7 /* Line.cpp in Sources */ = {isa = PBXBuildFile; fileRef = AA7A3E0529B6E2540005EEA7 /* Line.cpp */; };
		AA7A3E5929B6E2540005EEA7 /* Coordinate.cpp in Sources */ = {isa = PBXBuildFile; fileRef = AA7A3E0D29B6E2540005EEA7 /* Coordinate.cpp */; };
		AA7A3E5A29B6E2540005EEA7 /* Vector.cpp in Sources */ = {isa = PBXBuildFile; fileRef = AA7A3E1029B6E2540005EEA7 /* Vector.cpp */; };
		AA7A3E5F29B6E2540005EEA7 /* Angle.cpp in Sources */ = {isa = PBXBuildFile; fileRef = AA7A3E1A29B6E2540005EEA7 /* Angle.cpp */; };
		AA7A3E6029B6E2540005EEA7 /* Joint.cpp in Sources */ = {isa = PBXBuildFile; fileRef = AA7A3E1C29B6E2540005EEA7 /* Joint.cpp */; };
		AA7A3E6129B6E2540005EEA7 /* Matter.cpp in Sources */ = {isa = PBXBuildFile; fileRef = AA7A3E1D29B6E2540005EEA7 /* Matter.cpp */; };
		AA7A3E6229B6E2540005EEA7 /* Camera.cpp in Sources */ = {isa = PBXBuildFile; fileRef = AA7A3E2229B6E2540005EEA7 /* Camera.cpp */; };
		AA7A3E6329B6E2540005EEA7 /* Drawing.cpp in Sources */ = {isa = PBXBuildFile; fileRef = AA7A3E2529B6E2540005EEA7 /* Drawing.cpp */; };
		AA7A3E6729B6E2540005EEA7 /* Player.cpp in Sources */ = {isa = PBXBuildFile; fileRef = AA7A3E2F29B6E2540005EEA7 /* Player.cpp */; };
		AA92BE5E2BABC62200181FEA /* DistantBird.cpp in Sources */ = {isa = PBXBuildFile; fileRef = AA92BE5C2BABC62200181FEA /* DistantBird.cpp */; };
		AA92BE612BAF672900181FEA /* MountainRange.cpp in Sources */ = {isa = PBXBuildFile; fileRef = AA92BE5F2BAF672900181FEA /* MountainRange.cpp */; };
		AA9752142BB2BF6B003289EF /* MountMerciless.cpp in Sources */ = {isa = PBXBuildFile; fileRef = AA9752022BB2BF6B003289EF /* MountMerciless.cpp */; };
		AA9752152BB2BF6B003289EF /* Fox.cpp in Sources */ = {isa = PBXBuildFile; fileRef = AA9752042BB2BF6B003289EF /* Fox.cpp */; };
		AA9752162BB2BF6B003289EF /* Bird.cpp in Sources */ = {isa = PBXBuildFile; fileRef = AA9752062BB2BF6B003289EF /* Bird.cpp */; };
		AA9752172BB2BF6B003289EF /* main.cpp in Sources */ = {isa = PBXBuildFile; fileRef = AA9752092BB2BF6B003289EF /* main.cpp */; };
		AA9752182BB2BF6B003289EF /* Climber.cpp in Sources */ = {isa = PBXBuildFile; fileRef = AA97520B2BB2BF6B003289EF /* Climber.cpp */; };
		AA97521A2BB2BF6B003289EF /* Arrow.cpp in Sources */ = {isa = PBXBuildFile; fileRef = AA9752112BB2BF6B003289EF /* Arrow.cpp */; };
		AA97521F2BB2C0D6003289EF /* LightSource.cpp in Sources */ = {isa = PBXBuildFile; fileRef = AA97521D2BB2C0D6003289EF /* LightSource.cpp */; };
		AA9752212BB2C0E7003289EF /* God.cpp in Sources */ = {isa = PBXBuildFile; fileRef = AA9752202BB2C0E7003289EF /* God.cpp */; };
		AAA436BC2A243F58001FA92C /* Engine.cpp in Sources */ = {isa = PBXBuildFile; fileRef = AAA436BA2A243F58001FA92C /* Engine.cpp */; };
		AAA436BE2A244C23001FA92C /* EngineSDL.cpp in Sources */ = {isa = PBXBuildFile; fileRef = AAA436BD2A244C23001FA92C /* EngineSDL.cpp */; };
/* End PBXBuildFile section */

/* Begin PBXCopyFilesBuildPhase section */
		AA7A3DB829B6E1620005EEA7 /* CopyFiles */ = {
			isa = PBXCopyFilesBuildPhase;
			buildActionMask = 2147483647;
			dstPath = /usr/share/man/man1/;
			dstSubfolderSpec = 0;
			files = (
			);
			runOnlyForDeploymentPostprocessing = 1;
		};
/* End PBXCopyFilesBuildPhase section */

/* Begin PBXFileReference section */
		AA01DC012BF32283006FE720 /* Random.cpp */ = {isa = PBXFileReference; fileEncoding = 4; lastKnownFileType = sourcecode.cpp.cpp; path = Random.cpp; sourceTree = "<group>"; };
		AA0257082BB939BC00DB1313 /* Hills.cpp */ = {isa = PBXFileReference; lastKnownFileType = sourcecode.cpp.cpp; path = Hills.cpp; sourceTree = "<group>"; };
		AA0257092BB939BC00DB1313 /* Hills.hpp */ = {isa = PBXFileReference; lastKnownFileType = sourcecode.cpp.h; path = Hills.hpp; sourceTree = "<group>"; };
		AA13AC9A2BD1FADB005DAD3C /* GrassTerrain.cpp */ = {isa = PBXFileReference; lastKnownFileType = sourcecode.cpp.cpp; path = GrassTerrain.cpp; sourceTree = "<group>"; };
		AA13AC9B2BD1FADB005DAD3C /* GrassTerrain.hpp */ = {isa = PBXFileReference; lastKnownFileType = sourcecode.cpp.h; path = GrassTerrain.hpp; sourceTree = "<group>"; };
		AA13ACA12BD33859005DAD3C /* Snail.cpp */ = {isa = PBXFileReference; lastKnownFileType = sourcecode.cpp.cpp; path = Snail.cpp; sourceTree = "<group>"; };
		AA13ACA22BD33859005DAD3C /* Snail.hpp */ = {isa = PBXFileReference; lastKnownFileType = sourcecode.cpp.h; path = Snail.hpp; sourceTree = "<group>"; };
		AA13ACA42BD34405005DAD3C /* AspenTree.cpp */ = {isa = PBXFileReference; lastKnownFileType = sourcecode.cpp.cpp; path = AspenTree.cpp; sourceTree = "<group>"; };
		AA13ACA52BD34405005DAD3C /* AspenTree.hpp */ = {isa = PBXFileReference; lastKnownFileType = sourcecode.cpp.h; path = AspenTree.hpp; sourceTree = "<group>"; };
		AA13ACA72BD357D4005DAD3C /* Bush.cpp */ = {isa = PBXFileReference; lastKnownFileType = sourcecode.cpp.cpp; path = Bush.cpp; sourceTree = "<group>"; };
		AA13ACA82BD357D4005DAD3C /* Bush.hpp */ = {isa = PBXFileReference; lastKnownFileType = sourcecode.cpp.h; path = Bush.hpp; sourceTree = "<group>"; };
		AA22A1762BC617DC0048F445 /* STD.hpp */ = {isa = PBXFileReference; lastKnownFileType = sourcecode.cpp.h; path = STD.hpp; sourceTree = "<group>"; };
		AA22A1792BC6517C0048F445 /* STDc.hpp */ = {isa = PBXFileReference; lastKnownFileType = sourcecode.cpp.h; path = STDc.hpp; sourceTree = "<group>"; };
		AA22A17C2BC65A090048F445 /* STDptr.hpp */ = {isa = PBXFileReference; lastKnownFileType = sourcecode.cpp.h; path = STDptr.hpp; sourceTree = "<group>"; };
		AA22A17F2BCA2DD10048F445 /* Dust.cpp */ = {isa = PBXFileReference; lastKnownFileType = sourcecode.cpp.cpp; path = Dust.cpp; sourceTree = "<group>"; };
		AA22A1802BCA2DD10048F445 /* Dust.hpp */ = {isa = PBXFileReference; lastKnownFileType = sourcecode.cpp.h; path = Dust.hpp; sourceTree = "<group>"; };
		AA22A1822BD038B30048F445 /* Skull.cpp */ = {isa = PBXFileReference; lastKnownFileType = sourcecode.cpp.cpp; path = Skull.cpp; sourceTree = "<group>"; };
		AA22A1832BD038B30048F445 /* Skull.hpp */ = {isa = PBXFileReference; lastKnownFileType = sourcecode.cpp.h; path = Skull.hpp; sourceTree = "<group>"; };
		AA269A9529D790B90093CF81 /* Waterfall.cpp */ = {isa = PBXFileReference; lastKnownFileType = sourcecode.cpp.cpp; path = Waterfall.cpp; sourceTree = "<group>"; };
		AA269A9629D790B90093CF81 /* Waterfall.hpp */ = {isa = PBXFileReference; lastKnownFileType = sourcecode.cpp.h; path = Waterfall.hpp; sourceTree = "<group>"; };
		AA269A9929DD26E90093CF81 /* Utility.hpp */ = {isa = PBXFileReference; lastKnownFileType = sourcecode.cpp.h; path = Utility.hpp; sourceTree = "<group>"; };
		AA541EF82A8C04FE00B97422 /* Color.hpp */ = {isa = PBXFileReference; lastKnownFileType = sourcecode.cpp.h; path = Color.hpp; sourceTree = "<group>"; };
		AA597D852BF02B050032B3BC /* FixedRectangle.cpp */ = {isa = PBXFileReference; lastKnownFileType = sourcecode.cpp.cpp; path = FixedRectangle.cpp; sourceTree = "<group>"; };
		AA597D862BF02B050032B3BC /* FixedRectangle.hpp */ = {isa = PBXFileReference; lastKnownFileType = sourcecode.cpp.h; path = FixedRectangle.hpp; sourceTree = "<group>"; };
		AA5EC1102A81A6B9006EE411 /* Transform.cpp */ = {isa = PBXFileReference; lastKnownFileType = sourcecode.cpp.cpp; path = Transform.cpp; sourceTree = "<group>"; };
		AA61027C2B2BE14E0098B280 /* .clang-format */ = {isa = PBXFileReference; lastKnownFileType = text; path = ".clang-format"; sourceTree = SOURCE_ROOT; };
		AA61027D2B2BF2940098B280 /* Polygon.cpp */ = {isa = PBXFileReference; lastKnownFileType = sourcecode.cpp.cpp; path = Polygon.cpp; sourceTree = "<group>"; };
		AA6C1EDE2BBDF63100DBC063 /* OS.hpp */ = {isa = PBXFileReference; lastKnownFileType = sourcecode.cpp.h; path = OS.hpp; sourceTree = "<group>"; };
		AA6C1EE02BBE032300DBC063 /* .gitignore */ = {isa = PBXFileReference; lastKnownFileType = text; path = .gitignore; sourceTree = "<group>"; };
		AA6CA9902AFCD549003CEA0A /* OpenGL.framework */ = {isa = PBXFileReference; lastKnownFileType = wrapper.framework; name = OpenGL.framework; path = System/Library/Frameworks/OpenGL.framework; sourceTree = SDKROOT; };
		AA6CA9982AFCD6A7003CEA0A /* OGL.cpp */ = {isa = PBXFileReference; lastKnownFileType = sourcecode.cpp.cpp; path = OGL.cpp; sourceTree = "<group>"; };
		AA6CA9992AFCD6A7003CEA0A /* OGL.hpp */ = {isa = PBXFileReference; lastKnownFileType = sourcecode.cpp.h; path = OGL.hpp; sourceTree = "<group>"; };
		AA6CA99B2AFCE2AE003CEA0A /* GLUT.framework */ = {isa = PBXFileReference; lastKnownFileType = wrapper.framework; name = GLUT.framework; path = System/Library/Frameworks/GLUT.framework; sourceTree = SDKROOT; };
		AA6CA9A12AFD7BF9003CEA0A /* Error.hpp */ = {isa = PBXFileReference; lastKnownFileType = sourcecode.cpp.h; path = Error.hpp; sourceTree = "<group>"; };
		AA7A3DBA29B6E1620005EEA7 /* Axion */ = {isa = PBXFileReference; explicitFileType = "compiled.mach-o.executable"; includeInIndex = 0; path = Axion; sourceTree = BUILT_PRODUCTS_DIR; };
		AA7A3DCC29B6E2530005EEA7 /* Clock.hpp */ = {isa = PBXFileReference; fileEncoding = 4; lastKnownFileType = sourcecode.cpp.h; path = Clock.hpp; sourceTree = "<group>"; };
		AA7A3DCD29B6E2530005EEA7 /* Logger.hpp */ = {isa = PBXFileReference; fileEncoding = 4; lastKnownFileType = sourcecode.cpp.h; path = Logger.hpp; sourceTree = "<group>"; };
		AA7A3DD029B6E2540005EEA7 /* AXN.hpp */ = {isa = PBXFileReference; fileEncoding = 4; lastKnownFileType = sourcecode.cpp.h; path = AXN.hpp; sourceTree = "<group>"; };
		AA7A3DD429B6E2540005EEA7 /* Random.hpp */ = {isa = PBXFileReference; fileEncoding = 4; lastKnownFileType = sourcecode.cpp.h; path = Random.hpp; sourceTree = "<group>"; };
		AA7A3DD629B6E2540005EEA7 /* Assert.hpp */ = {isa = PBXFileReference; fileEncoding = 4; lastKnownFileType = sourcecode.cpp.h; path = Assert.hpp; sourceTree = "<group>"; };
		AA7A3DD829B6E2540005EEA7 /* Clock.cpp */ = {isa = PBXFileReference; fileEncoding = 4; lastKnownFileType = sourcecode.cpp.cpp; path = Clock.cpp; sourceTree = "<group>"; };
		AA7A3DD929B6E2540005EEA7 /* Logger.cpp */ = {isa = PBXFileReference; fileEncoding = 4; lastKnownFileType = sourcecode.cpp.cpp; path = Logger.cpp; sourceTree = "<group>"; };
		AA7A3DDC29B6E2540005EEA7 /* Terrain.hpp */ = {isa = PBXFileReference; fileEncoding = 4; lastKnownFileType = sourcecode.cpp.h; path = Terrain.hpp; sourceTree = "<group>"; };
		AA7A3DDD29B6E2540005EEA7 /* Bedrock.hpp */ = {isa = PBXFileReference; fileEncoding = 4; lastKnownFileType = sourcecode.cpp.h; path = Bedrock.hpp; sourceTree = "<group>"; };
		AA7A3DDE29B6E2540005EEA7 /* World.hpp */ = {isa = PBXFileReference; fileEncoding = 4; lastKnownFileType = sourcecode.cpp.h; path = World.hpp; sourceTree = "<group>"; };
		AA7A3DE029B6E2540005EEA7 /* TerrainEdge.cpp */ = {isa = PBXFileReference; fileEncoding = 4; lastKnownFileType = sourcecode.cpp.cpp; path = TerrainEdge.cpp; sourceTree = "<group>"; };
		AA7A3DE129B6E2540005EEA7 /* Lighting.hpp */ = {isa = PBXFileReference; fileEncoding = 4; lastKnownFileType = sourcecode.cpp.h; path = Lighting.hpp; sourceTree = "<group>"; };
		AA7A3DE229B6E2540005EEA7 /* Object.cpp */ = {isa = PBXFileReference; fileEncoding = 4; lastKnownFileType = sourcecode.cpp.cpp; path = Object.cpp; sourceTree = "<group>"; };
		AA7A3DE329B6E2540005EEA7 /* TerrainVertex.hpp */ = {isa = PBXFileReference; fileEncoding = 4; lastKnownFileType = sourcecode.cpp.h; path = TerrainVertex.hpp; sourceTree = "<group>"; };
		AA7A3DE429B6E2540005EEA7 /* Mob.cpp */ = {isa = PBXFileReference; fileEncoding = 4; lastKnownFileType = sourcecode.cpp.cpp; path = Mob.cpp; sourceTree = "<group>"; };
		AA7A3DE529B6E2540005EEA7 /* Lighting.cpp */ = {isa = PBXFileReference; fileEncoding = 4; lastKnownFileType = sourcecode.cpp.cpp; path = Lighting.cpp; sourceTree = "<group>"; };
		AA7A3DE629B6E2540005EEA7 /* Object.hpp */ = {isa = PBXFileReference; fileEncoding = 4; lastKnownFileType = sourcecode.cpp.h; path = Object.hpp; sourceTree = "<group>"; };
		AA7A3DE729B6E2540005EEA7 /* Constants.hpp */ = {isa = PBXFileReference; fileEncoding = 4; lastKnownFileType = sourcecode.cpp.h; path = Constants.hpp; sourceTree = "<group>"; };
		AA7A3DE829B6E2540005EEA7 /* TerrainVertex.cpp */ = {isa = PBXFileReference; fileEncoding = 4; lastKnownFileType = sourcecode.cpp.cpp; path = TerrainVertex.cpp; sourceTree = "<group>"; };
		AA7A3DEA29B6E2540005EEA7 /* Fire.hpp */ = {isa = PBXFileReference; fileEncoding = 4; lastKnownFileType = sourcecode.cpp.h; path = Fire.hpp; sourceTree = "<group>"; };
		AA7A3DEB29B6E2540005EEA7 /* PineTree.cpp */ = {isa = PBXFileReference; fileEncoding = 4; lastKnownFileType = sourcecode.cpp.cpp; path = PineTree.cpp; sourceTree = "<group>"; };
		AA7A3DEC29B6E2540005EEA7 /* Cloud.cpp */ = {isa = PBXFileReference; fileEncoding = 4; lastKnownFileType = sourcecode.cpp.cpp; path = Cloud.cpp; sourceTree = "<group>"; };
		AA7A3DED29B6E2540005EEA7 /* Sky.cpp */ = {isa = PBXFileReference; fileEncoding = 4; lastKnownFileType = sourcecode.cpp.cpp; path = Sky.cpp; sourceTree = "<group>"; };
		AA7A3DEE29B6E2540005EEA7 /* PineTree.hpp */ = {isa = PBXFileReference; fileEncoding = 4; lastKnownFileType = sourcecode.cpp.h; path = PineTree.hpp; sourceTree = "<group>"; };
		AA7A3DEF29B6E2540005EEA7 /* Sky.hpp */ = {isa = PBXFileReference; fileEncoding = 4; lastKnownFileType = sourcecode.cpp.h; path = Sky.hpp; sourceTree = "<group>"; };
		AA7A3DF029B6E2540005EEA7 /* Cloud.hpp */ = {isa = PBXFileReference; fileEncoding = 4; lastKnownFileType = sourcecode.cpp.h; path = Cloud.hpp; sourceTree = "<group>"; };
		AA7A3DF129B6E2540005EEA7 /* Fire.cpp */ = {isa = PBXFileReference; fileEncoding = 4; lastKnownFileType = sourcecode.cpp.cpp; path = Fire.cpp; sourceTree = "<group>"; };
		AA7A3DF229B6E2540005EEA7 /* Mob.hpp */ = {isa = PBXFileReference; fileEncoding = 4; lastKnownFileType = sourcecode.cpp.h; path = Mob.hpp; sourceTree = "<group>"; };
		AA7A3DF329B6E2540005EEA7 /* Terrain.cpp */ = {isa = PBXFileReference; fileEncoding = 4; lastKnownFileType = sourcecode.cpp.cpp; path = Terrain.cpp; sourceTree = "<group>"; };
		AA7A3DF529B6E2540005EEA7 /* World.cpp */ = {isa = PBXFileReference; fileEncoding = 4; lastKnownFileType = sourcecode.cpp.cpp; path = World.cpp; sourceTree = "<group>"; };
		AA7A3DF729B6E2540005EEA7 /* TerrainEdge.hpp */ = {isa = PBXFileReference; fileEncoding = 4; lastKnownFileType = sourcecode.cpp.h; path = TerrainEdge.hpp; sourceTree = "<group>"; };
		AA7A3DFD29B6E2540005EEA7 /* SoundClip.cpp */ = {isa = PBXFileReference; fileEncoding = 4; lastKnownFileType = sourcecode.cpp.cpp; path = SoundClip.cpp; sourceTree = "<group>"; };
		AA7A3DFE29B6E2540005EEA7 /* Speaker.cpp */ = {isa = PBXFileReference; fileEncoding = 4; lastKnownFileType = sourcecode.cpp.cpp; path = Speaker.cpp; sourceTree = "<group>"; };
		AA7A3E0129B6E2540005EEA7 /* Audio.hpp */ = {isa = PBXFileReference; fileEncoding = 4; lastKnownFileType = sourcecode.cpp.h; path = Audio.hpp; sourceTree = "<group>"; };
		AA7A3E0229B6E2540005EEA7 /* SoundClip.hpp */ = {isa = PBXFileReference; fileEncoding = 4; lastKnownFileType = sourcecode.cpp.h; path = SoundClip.hpp; sourceTree = "<group>"; };
		AA7A3E0329B6E2540005EEA7 /* Speaker.hpp */ = {isa = PBXFileReference; fileEncoding = 4; lastKnownFileType = sourcecode.cpp.h; path = Speaker.hpp; sourceTree = "<group>"; };
		AA7A3E0529B6E2540005EEA7 /* Line.cpp */ = {isa = PBXFileReference; fileEncoding = 4; lastKnownFileType = sourcecode.cpp.cpp; path = Line.cpp; sourceTree = "<group>"; };
		AA7A3E0829B6E2540005EEA7 /* Angle.hpp */ = {isa = PBXFileReference; fileEncoding = 4; lastKnownFileType = sourcecode.cpp.h; path = Angle.hpp; sourceTree = "<group>"; };
		AA7A3E0929B6E2540005EEA7 /* Vector.hpp */ = {isa = PBXFileReference; fileEncoding = 4; lastKnownFileType = sourcecode.cpp.h; path = Vector.hpp; sourceTree = "<group>"; };
		AA7A3E0A29B6E2540005EEA7 /* Polygon.hpp */ = {isa = PBXFileReference; fileEncoding = 4; lastKnownFileType = sourcecode.cpp.h; path = Polygon.hpp; sourceTree = "<group>"; };
		AA7A3E0D29B6E2540005EEA7 /* Coordinate.cpp */ = {isa = PBXFileReference; fileEncoding = 4; lastKnownFileType = sourcecode.cpp.cpp; path = Coordinate.cpp; sourceTree = "<group>"; };
		AA7A3E1029B6E2540005EEA7 /* Vector.cpp */ = {isa = PBXFileReference; fileEncoding = 4; lastKnownFileType = sourcecode.cpp.cpp; path = Vector.cpp; sourceTree = "<group>"; };
		AA7A3E1329B6E2540005EEA7 /* Coordinate.hpp */ = {isa = PBXFileReference; fileEncoding = 4; lastKnownFileType = sourcecode.cpp.h; path = Coordinate.hpp; sourceTree = "<group>"; };
		AA7A3E1629B6E2540005EEA7 /* Line.hpp */ = {isa = PBXFileReference; fileEncoding = 4; lastKnownFileType = sourcecode.cpp.h; path = Line.hpp; sourceTree = "<group>"; };
		AA7A3E1829B6E2540005EEA7 /* Geometry.hpp */ = {isa = PBXFileReference; fileEncoding = 4; lastKnownFileType = sourcecode.cpp.h; path = Geometry.hpp; sourceTree = "<group>"; };
		AA7A3E1A29B6E2540005EEA7 /* Angle.cpp */ = {isa = PBXFileReference; fileEncoding = 4; lastKnownFileType = sourcecode.cpp.cpp; path = Angle.cpp; sourceTree = "<group>"; };
		AA7A3E1C29B6E2540005EEA7 /* Joint.cpp */ = {isa = PBXFileReference; fileEncoding = 4; lastKnownFileType = sourcecode.cpp.cpp; path = Joint.cpp; sourceTree = "<group>"; };
		AA7A3E1D29B6E2540005EEA7 /* Matter.cpp */ = {isa = PBXFileReference; fileEncoding = 4; lastKnownFileType = sourcecode.cpp.cpp; path = Matter.cpp; sourceTree = "<group>"; };
		AA7A3E1E29B6E2540005EEA7 /* Physics.hpp */ = {isa = PBXFileReference; fileEncoding = 4; lastKnownFileType = sourcecode.cpp.h; path = Physics.hpp; sourceTree = "<group>"; };
		AA7A3E1F29B6E2540005EEA7 /* Matter.hpp */ = {isa = PBXFileReference; fileEncoding = 4; lastKnownFileType = sourcecode.cpp.h; path = Matter.hpp; sourceTree = "<group>"; };
		AA7A3E2029B6E2540005EEA7 /* Joint.hpp */ = {isa = PBXFileReference; fileEncoding = 4; lastKnownFileType = sourcecode.cpp.h; path = Joint.hpp; sourceTree = "<group>"; };
		AA7A3E2229B6E2540005EEA7 /* Camera.cpp */ = {isa = PBXFileReference; fileEncoding = 4; lastKnownFileType = sourcecode.cpp.cpp; path = Camera.cpp; sourceTree = "<group>"; };
		AA7A3E2429B6E2540005EEA7 /* Graphics.hpp */ = {isa = PBXFileReference; fileEncoding = 4; lastKnownFileType = sourcecode.cpp.h; path = Graphics.hpp; sourceTree = "<group>"; };
		AA7A3E2529B6E2540005EEA7 /* Drawing.cpp */ = {isa = PBXFileReference; fileEncoding = 4; lastKnownFileType = sourcecode.cpp.cpp; path = Drawing.cpp; sourceTree = "<group>"; };
		AA7A3E2629B6E2540005EEA7 /* Visible.hpp */ = {isa = PBXFileReference; fileEncoding = 4; lastKnownFileType = sourcecode.cpp.h; path = Visible.hpp; sourceTree = "<group>"; };
		AA7A3E2829B6E2540005EEA7 /* Drawing.hpp */ = {isa = PBXFileReference; fileEncoding = 4; lastKnownFileType = sourcecode.cpp.h; path = Drawing.hpp; sourceTree = "<group>"; };
		AA7A3E2A29B6E2540005EEA7 /* Camera.hpp */ = {isa = PBXFileReference; fileEncoding = 4; lastKnownFileType = sourcecode.cpp.h; path = Camera.hpp; sourceTree = "<group>"; };
		AA7A3E2F29B6E2540005EEA7 /* Player.cpp */ = {isa = PBXFileReference; fileEncoding = 4; lastKnownFileType = sourcecode.cpp.cpp; path = Player.cpp; sourceTree = "<group>"; };
		AA7A3E3329B6E2540005EEA7 /* Player.hpp */ = {isa = PBXFileReference; fileEncoding = 4; lastKnownFileType = sourcecode.cpp.h; path = Player.hpp; sourceTree = "<group>"; };
		AA7A3E6F29B6F7F00005EEA7 /* SDL2.framework */ = {isa = PBXFileReference; lastKnownFileType = wrapper.framework; name = SDL2.framework; path = ../../../../../Library/Frameworks/SDL2.framework; sourceTree = "<group>"; };
		AA7A3E7129B6F81C0005EEA7 /* SDL2_mixer.framework */ = {isa = PBXFileReference; lastKnownFileType = wrapper.framework; name = SDL2_mixer.framework; path = ../../../../../Library/Frameworks/SDL2_mixer.framework; sourceTree = "<group>"; };
		AA7A3E7329B6F8320005EEA7 /* SDL2_image.framework */ = {isa = PBXFileReference; lastKnownFileType = wrapper.framework; name = SDL2_image.framework; path = ../../../../../Library/Frameworks/SDL2_image.framework; sourceTree = "<group>"; };
		AA92B1222BE4477000D6E6DF /* Namespaces.hpp */ = {isa = PBXFileReference; fileEncoding = 4; lastKnownFileType = sourcecode.cpp.h; path = Namespaces.hpp; sourceTree = "<group>"; };
		AA92BE5C2BABC62200181FEA /* DistantBird.cpp */ = {isa = PBXFileReference; lastKnownFileType = sourcecode.cpp.cpp; path = DistantBird.cpp; sourceTree = "<group>"; };
		AA92BE5D2BABC62200181FEA /* DistantBird.hpp */ = {isa = PBXFileReference; lastKnownFileType = sourcecode.cpp.h; path = DistantBird.hpp; sourceTree = "<group>"; };
		AA92BE5F2BAF672900181FEA /* MountainRange.cpp */ = {isa = PBXFileReference; lastKnownFileType = sourcecode.cpp.cpp; path = MountainRange.cpp; sourceTree = "<group>"; };
		AA92BE602BAF672900181FEA /* MountainRange.hpp */ = {isa = PBXFileReference; lastKnownFileType = sourcecode.cpp.h; path = MountainRange.hpp; sourceTree = "<group>"; };
		AA9752022BB2BF6B003289EF /* MountMerciless.cpp */ = {isa = PBXFileReference; fileEncoding = 4; lastKnownFileType = sourcecode.cpp.cpp; path = MountMerciless.cpp; sourceTree = "<group>"; };
		AA9752042BB2BF6B003289EF /* Fox.cpp */ = {isa = PBXFileReference; fileEncoding = 4; lastKnownFileType = sourcecode.cpp.cpp; path = Fox.cpp; sourceTree = "<group>"; };
		AA9752052BB2BF6B003289EF /* Bird.hpp */ = {isa = PBXFileReference; fileEncoding = 4; lastKnownFileType = sourcecode.cpp.h; path = Bird.hpp; sourceTree = "<group>"; };
		AA9752062BB2BF6B003289EF /* Bird.cpp */ = {isa = PBXFileReference; fileEncoding = 4; lastKnownFileType = sourcecode.cpp.cpp; path = Bird.cpp; sourceTree = "<group>"; };
		AA9752072BB2BF6B003289EF /* Fox.hpp */ = {isa = PBXFileReference; fileEncoding = 4; lastKnownFileType = sourcecode.cpp.h; path = Fox.hpp; sourceTree = "<group>"; };
		AA9752082BB2BF6B003289EF /* MountMerciless.hpp */ = {isa = PBXFileReference; fileEncoding = 4; lastKnownFileType = sourcecode.cpp.h; path = MountMerciless.hpp; sourceTree = "<group>"; };
		AA9752092BB2BF6B003289EF /* main.cpp */ = {isa = PBXFileReference; fileEncoding = 4; lastKnownFileType = sourcecode.cpp.cpp; path = main.cpp; sourceTree = "<group>"; };
		AA97520B2BB2BF6B003289EF /* Climber.cpp */ = {isa = PBXFileReference; fileEncoding = 4; lastKnownFileType = sourcecode.cpp.cpp; path = Climber.cpp; sourceTree = "<group>"; };
		AA97520E2BB2BF6B003289EF /* Arrow.hpp */ = {isa = PBXFileReference; fileEncoding = 4; lastKnownFileType = sourcecode.cpp.h; path = Arrow.hpp; sourceTree = "<group>"; };
		AA9752112BB2BF6B003289EF /* Arrow.cpp */ = {isa = PBXFileReference; fileEncoding = 4; lastKnownFileType = sourcecode.cpp.cpp; path = Arrow.cpp; sourceTree = "<group>"; };
		AA9752132BB2BF6B003289EF /* Climber.hpp */ = {isa = PBXFileReference; fileEncoding = 4; lastKnownFileType = sourcecode.cpp.h; path = Climber.hpp; sourceTree = "<group>"; };
		AA97521D2BB2C0D6003289EF /* LightSource.cpp */ = {isa = PBXFileReference; fileEncoding = 4; lastKnownFileType = sourcecode.cpp.cpp; path = LightSource.cpp; sourceTree = "<group>"; };
		AA97521E2BB2C0D6003289EF /* LightSource.hpp */ = {isa = PBXFileReference; fileEncoding = 4; lastKnownFileType = sourcecode.cpp.h; path = LightSource.hpp; sourceTree = "<group>"; };
		AA9752202BB2C0E7003289EF /* God.cpp */ = {isa = PBXFileReference; fileEncoding = 4; lastKnownFileType = sourcecode.cpp.cpp; path = God.cpp; sourceTree = "<group>"; };
		AA9752222BB2C0FE003289EF /* Background.hpp */ = {isa = PBXFileReference; fileEncoding = 4; lastKnownFileType = sourcecode.cpp.h; path = Background.hpp; sourceTree = "<group>"; };
		AA9752232BB2C0FE003289EF /* Foreground.hpp */ = {isa = PBXFileReference; fileEncoding = 4; lastKnownFileType = sourcecode.cpp.h; path = Foreground.hpp; sourceTree = "<group>"; };
		AAA436BA2A243F58001FA92C /* Engine.cpp */ = {isa = PBXFileReference; lastKnownFileType = sourcecode.cpp.cpp; path = Engine.cpp; sourceTree = "<group>"; };
		AAA436BB2A243F58001FA92C /* Engine.hpp */ = {isa = PBXFileReference; lastKnownFileType = sourcecode.cpp.h; path = Engine.hpp; sourceTree = "<group>"; };
		AAA436BD2A244C23001FA92C /* EngineSDL.cpp */ = {isa = PBXFileReference; lastKnownFileType = sourcecode.cpp.cpp; path = EngineSDL.cpp; sourceTree = "<group>"; };
		AAA6D0D72BB2999300077030 /* .clang-format-run.sh */ = {isa = PBXFileReference; lastKnownFileType = text.script.sh; path = ".clang-format-run.sh"; sourceTree = SOURCE_ROOT; };
		AAB55A3E29D12ABC0088E000 /* Transform.hpp */ = {isa = PBXFileReference; lastKnownFileType = sourcecode.cpp.h; path = Transform.hpp; sourceTree = "<group>"; };
		AAB55A4129D132950088E000 /* Planc.hpp */ = {isa = PBXFileReference; lastKnownFileType = sourcecode.cpp.h; path = Planc.hpp; sourceTree = "<group>"; };
		AAE877DC2BB2BB41007B3937 /* Debug.hpp */ = {isa = PBXFileReference; lastKnownFileType = sourcecode.cpp.h; path = Debug.hpp; sourceTree = "<group>"; };
/* End PBXFileReference section */

/* Begin PBXFrameworksBuildPhase section */
		AA7A3DB729B6E1620005EEA7 /* Frameworks */ = {
			isa = PBXFrameworksBuildPhase;
			buildActionMask = 2147483647;
			files = (
				AA4B69D029C27E8F00B26E9E /* SDL2.framework in Frameworks */,
				AA6CA9912AFCD549003CEA0A /* OpenGL.framework in Frameworks */,
				AA4B69CE29C27E8D00B26E9E /* SDL2_mixer.framework in Frameworks */,
				AA6CA99C2AFCE2AE003CEA0A /* GLUT.framework in Frameworks */,
				AA4B69CB29C27E8B00B26E9E /* SDL2_image.framework in Frameworks */,
			);
			runOnlyForDeploymentPostprocessing = 0;
		};
/* End PBXFrameworksBuildPhase section */

/* Begin PBXGroup section */
		AA01DC062BF322FB006FE720 /* physics */ = {
			isa = PBXGroup;
			children = (
				AA7A3E1E29B6E2540005EEA7 /* Physics.hpp */,
				AA7A3DE729B6E2540005EEA7 /* Constants.hpp */,
				AA7A3E1F29B6E2540005EEA7 /* Matter.hpp */,
				AA7A3E1D29B6E2540005EEA7 /* Matter.cpp */,
				AA7A3E2029B6E2540005EEA7 /* Joint.hpp */,
				AA7A3E1C29B6E2540005EEA7 /* Joint.cpp */,
			);
			name = physics;
			sourceTree = "<group>";
		};
		AA01DC072BF32315006FE720 /* world */ = {
			isa = PBXGroup;
			children = (
				AA01DC082BF32343006FE720 /* environment */,
				AA7A3DDE29B6E2540005EEA7 /* World.hpp */,
				AA7A3DF529B6E2540005EEA7 /* World.cpp */,
				AA7A3DE629B6E2540005EEA7 /* Object.hpp */,
				AA7A3DE229B6E2540005EEA7 /* Object.cpp */,
				AA7A3DF229B6E2540005EEA7 /* Mob.hpp */,
				AA7A3DE429B6E2540005EEA7 /* Mob.cpp */,
				AA7A3E3329B6E2540005EEA7 /* Player.hpp */,
				AA7A3E2F29B6E2540005EEA7 /* Player.cpp */,
				AA9752202BB2C0E7003289EF /* God.cpp */,
			);
			name = world;
			sourceTree = "<group>";
		};
		AA01DC082BF32343006FE720 /* environment */ = {
			isa = PBXGroup;
			children = (
				AA7A3DDC29B6E2540005EEA7 /* Terrain.hpp */,
				AA7A3DF329B6E2540005EEA7 /* Terrain.cpp */,
				AA7A3DF729B6E2540005EEA7 /* TerrainEdge.hpp */,
				AA7A3DE029B6E2540005EEA7 /* TerrainEdge.cpp */,
				AA7A3DE329B6E2540005EEA7 /* TerrainVertex.hpp */,
				AA7A3DE829B6E2540005EEA7 /* TerrainVertex.cpp */,
				AA7A3DDD29B6E2540005EEA7 /* Bedrock.hpp */,
				AA9752222BB2C0FE003289EF /* Background.hpp */,
				AA9752232BB2C0FE003289EF /* Foreground.hpp */,
			);
			name = environment;
			sourceTree = "<group>";
		};
		AA01DC092BF32397006FE720 /* player */ = {
			isa = PBXGroup;
			children = (
				AA9752132BB2BF6B003289EF /* Climber.hpp */,
				AA97520B2BB2BF6B003289EF /* Climber.cpp */,
				AA97520E2BB2BF6B003289EF /* Arrow.hpp */,
				AA9752112BB2BF6B003289EF /* Arrow.cpp */,
			);
			name = player;
			sourceTree = "<group>";
		};
		AA01DC0C2BF323D0006FE720 /* enviroment */ = {
			isa = PBXGroup;
			children = (
				AA01DC0D2BF323EE006FE720 /* background */,
				AA13AC9B2BD1FADB005DAD3C /* GrassTerrain.hpp */,
				AA13AC9A2BD1FADB005DAD3C /* GrassTerrain.cpp */,
				AA22A1802BCA2DD10048F445 /* Dust.hpp */,
				AA22A17F2BCA2DD10048F445 /* Dust.cpp */,
				AA22A1832BD038B30048F445 /* Skull.hpp */,
				AA22A1822BD038B30048F445 /* Skull.cpp */,
				AA7A3DEA29B6E2540005EEA7 /* Fire.hpp */,
				AA7A3DF129B6E2540005EEA7 /* Fire.cpp */,
			);
			name = enviroment;
			sourceTree = "<group>";
		};
		AA01DC0D2BF323EE006FE720 /* background */ = {
			isa = PBXGroup;
			children = (
				AA7A3DEF29B6E2540005EEA7 /* Sky.hpp */,
				AA7A3DED29B6E2540005EEA7 /* Sky.cpp */,
				AA7A3DF029B6E2540005EEA7 /* Cloud.hpp */,
				AA7A3DEC29B6E2540005EEA7 /* Cloud.cpp */,
				AA0257092BB939BC00DB1313 /* Hills.hpp */,
				AA0257082BB939BC00DB1313 /* Hills.cpp */,
				AA92BE602BAF672900181FEA /* MountainRange.hpp */,
				AA92BE5F2BAF672900181FEA /* MountainRange.cpp */,
				AA92BE5D2BABC62200181FEA /* DistantBird.hpp */,
				AA92BE5C2BABC62200181FEA /* DistantBird.cpp */,
				AA13ACA82BD357D4005DAD3C /* Bush.hpp */,
				AA13ACA72BD357D4005DAD3C /* Bush.cpp */,
				AA7A3DEE29B6E2540005EEA7 /* PineTree.hpp */,
				AA7A3DEB29B6E2540005EEA7 /* PineTree.cpp */,
				AA13ACA52BD34405005DAD3C /* AspenTree.hpp */,
				AA13ACA42BD34405005DAD3C /* AspenTree.cpp */,
				AA269A9629D790B90093CF81 /* Waterfall.hpp */,
				AA269A9529D790B90093CF81 /* Waterfall.cpp */,
			);
			name = background;
			sourceTree = "<group>";
		};
		AA01DC0E2BF3240A006FE720 /* mobs */ = {
			isa = PBXGroup;
			children = (
				AA9752072BB2BF6B003289EF /* Fox.hpp */,
				AA9752042BB2BF6B003289EF /* Fox.cpp */,
				AA13ACA22BD33859005DAD3C /* Snail.hpp */,
				AA13ACA12BD33859005DAD3C /* Snail.cpp */,
				AA9752052BB2BF6B003289EF /* Bird.hpp */,
				AA9752062BB2BF6B003289EF /* Bird.cpp */,
			);
			name = mobs;
			sourceTree = "<group>";
		};
		AA597D8F2BF3216B0032B3BC /* axn */ = {
			isa = PBXGroup;
			children = (
				AA7A3DD029B6E2540005EEA7 /* AXN.hpp */,
				AA92B1222BE4477000D6E6DF /* Namespaces.hpp */,
				AA269A9929DD26E90093CF81 /* Utility.hpp */,
				AA597D972BF322370032B3BC /* system */,
				AA597D952BF321DF0032B3BC /* geometry */,
				AA01DC062BF322FB006FE720 /* physics */,
				AA597D932BF321A70032B3BC /* graphics */,
				AA597D922BF3219E0032B3BC /* audio */,
				AA01DC072BF32315006FE720 /* world */,
			);
			name = axn;
			sourceTree = "<group>";
		};
		AA597D902BF3217F0032B3BC /* mt */ = {
			isa = PBXGroup;
			children = (
				AA9752082BB2BF6B003289EF /* MountMerciless.hpp */,
				AA9752022BB2BF6B003289EF /* MountMerciless.cpp */,
				AA01DC092BF32397006FE720 /* player */,
				AA01DC0E2BF3240A006FE720 /* mobs */,
				AA01DC0C2BF323D0006FE720 /* enviroment */,
			);
			name = mt;
			sourceTree = "<group>";
		};
		AA597D922BF3219E0032B3BC /* audio */ = {
			isa = PBXGroup;
			children = (
				AA7A3E0129B6E2540005EEA7 /* Audio.hpp */,
				AA7A3E0229B6E2540005EEA7 /* SoundClip.hpp */,
				AA7A3DFD29B6E2540005EEA7 /* SoundClip.cpp */,
				AA7A3E0329B6E2540005EEA7 /* Speaker.hpp */,
				AA7A3DFE29B6E2540005EEA7 /* Speaker.cpp */,
			);
			name = audio;
			sourceTree = "<group>";
		};
		AA597D932BF321A70032B3BC /* graphics */ = {
			isa = PBXGroup;
			children = (
				AA7A3E2429B6E2540005EEA7 /* Graphics.hpp */,
				AA541EF82A8C04FE00B97422 /* Color.hpp */,
				AA7A3E2829B6E2540005EEA7 /* Drawing.hpp */,
				AA7A3E2529B6E2540005EEA7 /* Drawing.cpp */,
				AA97521E2BB2C0D6003289EF /* LightSource.hpp */,
				AA97521D2BB2C0D6003289EF /* LightSource.cpp */,
				AA7A3DE129B6E2540005EEA7 /* Lighting.hpp */,
				AA7A3DE529B6E2540005EEA7 /* Lighting.cpp */,
				AA7A3E2629B6E2540005EEA7 /* Visible.hpp */,
				AA7A3E2A29B6E2540005EEA7 /* Camera.hpp */,
				AA7A3E2229B6E2540005EEA7 /* Camera.cpp */,
			);
			name = graphics;
			sourceTree = "<group>";
		};
		AA597D952BF321DF0032B3BC /* geometry */ = {
			isa = PBXGroup;
			children = (
				AA7A3E1829B6E2540005EEA7 /* Geometry.hpp */,
				AAB55A4129D132950088E000 /* Planc.hpp */,
				AA7A3E1329B6E2540005EEA7 /* Coordinate.hpp */,
				AA7A3E0D29B6E2540005EEA7 /* Coordinate.cpp */,
				AA7A3E0829B6E2540005EEA7 /* Angle.hpp */,
				AA7A3E1A29B6E2540005EEA7 /* Angle.cpp */,
				AA7A3E0929B6E2540005EEA7 /* Vector.hpp */,
				AA7A3E1029B6E2540005EEA7 /* Vector.cpp */,
				AAB55A3E29D12ABC0088E000 /* Transform.hpp */,
				AA5EC1102A81A6B9006EE411 /* Transform.cpp */,
				AA7A3E1629B6E2540005EEA7 /* Line.hpp */,
				AA7A3E0529B6E2540005EEA7 /* Line.cpp */,
				AA7A3E0A29B6E2540005EEA7 /* Polygon.hpp */,
				AA61027D2B2BF2940098B280 /* Polygon.cpp */,
				AA597D862BF02B050032B3BC /* FixedRectangle.hpp */,
				AA597D852BF02B050032B3BC /* FixedRectangle.cpp */,
			);
			name = geometry;
			sourceTree = "<group>";
		};
		AA597D972BF322370032B3BC /* system */ = {
			isa = PBXGroup;
			children = (
				AA6C1EDE2BBDF63100DBC063 /* OS.hpp */,
				AA22A1762BC617DC0048F445 /* STD.hpp */,
				AA22A1792BC6517C0048F445 /* STDc.hpp */,
				AA22A17C2BC65A090048F445 /* STDptr.hpp */,
				AAE877DC2BB2BB41007B3937 /* Debug.hpp */,
				AA6CA9A12AFD7BF9003CEA0A /* Error.hpp */,
				AA7A3DD629B6E2540005EEA7 /* Assert.hpp */,
				AA7A3DD429B6E2540005EEA7 /* Random.hpp */,
				AA01DC012BF32283006FE720 /* Random.cpp */,
				AA7A3DCD29B6E2530005EEA7 /* Logger.hpp */,
				AA7A3DD929B6E2540005EEA7 /* Logger.cpp */,
				AA7A3DCC29B6E2530005EEA7 /* Clock.hpp */,
				AA7A3DD829B6E2540005EEA7 /* Clock.cpp */,
				AAA436BB2A243F58001FA92C /* Engine.hpp */,
				AAA436BA2A243F58001FA92C /* Engine.cpp */,
				AAA436BD2A244C23001FA92C /* EngineSDL.cpp */,
				AA6CA9992AFCD6A7003CEA0A /* OGL.hpp */,
				AA6CA9982AFCD6A7003CEA0A /* OGL.cpp */,
			);
			name = system;
			sourceTree = "<group>";
		};
		AA7A3DB129B6E1620005EEA7 = {
			isa = PBXGroup;
			children = (
				AA7A3E6E29B6F7F00005EEA7 /* Frameworks */,
				AAA6D0D72BB2999300077030 /* .clang-format-run.sh */,
				AA61027C2B2BE14E0098B280 /* .clang-format */,
				AA6C1EE02BBE032300DBC063 /* .gitignore */,
				AA9752092BB2BF6B003289EF /* main.cpp */,
				AA597D8F2BF3216B0032B3BC /* axn */,
				AA597D902BF3217F0032B3BC /* mt */,
				AA7A3DBB29B6E1620005EEA7 /* Products */,
			);
			sourceTree = "<group>";
		};
		AA7A3DBB29B6E1620005EEA7 /* Products */ = {
			isa = PBXGroup;
			children = (
				AA7A3DBA29B6E1620005EEA7 /* Axion */,
			);
			name = Products;
			sourceTree = "<group>";
		};
		AA7A3E6E29B6F7F00005EEA7 /* Frameworks */ = {
			isa = PBXGroup;
			children = (
				AA7A3E6F29B6F7F00005EEA7 /* SDL2.framework */,
				AA7A3E7329B6F8320005EEA7 /* SDL2_image.framework */,
				AA7A3E7129B6F81C0005EEA7 /* SDL2_mixer.framework */,
				AA6CA9902AFCD549003CEA0A /* OpenGL.framework */,
				AA6CA99B2AFCE2AE003CEA0A /* GLUT.framework */,
			);
			name = Frameworks;
			sourceTree = "<group>";
		};
/* End PBXGroup section */

/* Begin PBXNativeTarget section */
		AA7A3DB929B6E1620005EEA7 /* Axion */ = {
			isa = PBXNativeTarget;
			buildConfigurationList = AA7A3DC129B6E1620005EEA7 /* Build configuration list for PBXNativeTarget "Axion" */;
			buildPhases = (
				AA7A3DB629B6E1620005EEA7 /* Sources */,
				AA7A3DB729B6E1620005EEA7 /* Frameworks */,
				AA7A3DB829B6E1620005EEA7 /* CopyFiles */,
			);
			buildRules = (
			);
			dependencies = (
			);
			name = Axion;
			productName = axion;
			productReference = AA7A3DBA29B6E1620005EEA7 /* Axion */;
			productType = "com.apple.product-type.tool";
		};
/* End PBXNativeTarget section */

/* Begin PBXProject section */
		AA7A3DB229B6E1620005EEA7 /* Project object */ = {
			isa = PBXProject;
			attributes = {
				BuildIndependentTargetsInParallel = 1;
				LastUpgradeCheck = 1430;
				TargetAttributes = {
					AA7A3DB929B6E1620005EEA7 = {
						CreatedOnToolsVersion = 14.2;
					};
				};
			};
			buildConfigurationList = AA7A3DB529B6E1620005EEA7 /* Build configuration list for PBXProject "Axion" */;
			compatibilityVersion = "Xcode 14.0";
			developmentRegion = en;
			hasScannedForEncodings = 0;
			knownRegions = (
				en,
				Base,
			);
			mainGroup = AA7A3DB129B6E1620005EEA7;
			productRefGroup = AA7A3DBB29B6E1620005EEA7 /* Products */;
			projectDirPath = "";
			projectRoot = "";
			targets = (
				AA7A3DB929B6E1620005EEA7 /* Axion */,
			);
		};
/* End PBXProject section */

/* Begin PBXSourcesBuildPhase section */
		AA7A3DB629B6E1620005EEA7 /* Sources */ = {
			isa = PBXSourcesBuildPhase;
			buildActionMask = 2147483647;
			files = (
				AA7A3E4D29B6E2540005EEA7 /* Cloud.cpp in Sources */,
				AA9752182BB2BF6B003289EF /* Climber.cpp in Sources */,
				AA7A3E4829B6E2540005EEA7 /* Object.cpp in Sources */,
				AA92BE612BAF672900181FEA /* MountainRange.cpp in Sources */,
				AA97521A2BB2BF6B003289EF /* Arrow.cpp in Sources */,
				AA7A3E6729B6E2540005EEA7 /* Player.cpp in Sources */,
				AA7A3E5A29B6E2540005EEA7 /* Vector.cpp in Sources */,
				AA22A1842BD038B40048F445 /* Skull.cpp in Sources */,
				AA7A3E6129B6E2540005EEA7 /* Matter.cpp in Sources */,
				AA7A3E4529B6E2540005EEA7 /* Logger.cpp in Sources */,
				AA269A9729D790B90093CF81 /* Waterfall.cpp in Sources */,
				AA7A3E6329B6E2540005EEA7 /* Drawing.cpp in Sources */,
				AAA436BE2A244C23001FA92C /* EngineSDL.cpp in Sources */,
				AA9752162BB2BF6B003289EF /* Bird.cpp in Sources */,
				AA7A3E5429B6E2540005EEA7 /* Speaker.cpp in Sources */,
				AA13AC9C2BD1FADB005DAD3C /* GrassTerrain.cpp in Sources */,
				AA6CA99A2AFCD6A7003CEA0A /* OGL.cpp in Sources */,
				AA9752212BB2C0E7003289EF /* God.cpp in Sources */,
				AA13ACA32BD33859005DAD3C /* Snail.cpp in Sources */,
				AA9752152BB2BF6B003289EF /* Fox.cpp in Sources */,
				AA92BE5E2BABC62200181FEA /* DistantBird.cpp in Sources */,
				AA7A3E6029B6E2540005EEA7 /* Joint.cpp in Sources */,
				AA7A3E4929B6E2540005EEA7 /* Mob.cpp in Sources */,
				AA22A1812BCA2DD10048F445 /* Dust.cpp in Sources */,
				AAA436BC2A243F58001FA92C /* Engine.cpp in Sources */,
				AA97521F2BB2C0D6003289EF /* LightSource.cpp in Sources */,
				AA7A3E5229B6E2540005EEA7 /* World.cpp in Sources */,
				AA7A3E5029B6E2540005EEA7 /* Terrain.cpp in Sources */,
				AA9752172BB2BF6B003289EF /* main.cpp in Sources */,
				AA5EC1112A81A6B9006EE411 /* Transform.cpp in Sources */,
				AA7A3E5F29B6E2540005EEA7 /* Angle.cpp in Sources */,
				AA7A3E4F29B6E2540005EEA7 /* Fire.cpp in Sources */,
				AA7A3E4429B6E2540005EEA7 /* Clock.cpp in Sources */,
				AA7A3E4C29B6E2540005EEA7 /* PineTree.cpp in Sources */,
				AA7A3E6229B6E2540005EEA7 /* Camera.cpp in Sources */,
				AA61027E2B2BF2940098B280 /* Polygon.cpp in Sources */,
				AA13ACA92BD357D4005DAD3C /* Bush.cpp in Sources */,
				AA01DC022BF32283006FE720 /* Random.cpp in Sources */,
				AA13ACA62BD34405005DAD3C /* AspenTree.cpp in Sources */,
				AA7A3E4729B6E2540005EEA7 /* TerrainEdge.cpp in Sources */,
				AA7A3E4A29B6E2540005EEA7 /* Lighting.cpp in Sources */,
				AA7A3E4E29B6E2540005EEA7 /* Sky.cpp in Sources */,
				AA7A3E5329B6E2540005EEA7 /* SoundClip.cpp in Sources */,
				AA597D872BF02B050032B3BC /* FixedRectangle.cpp in Sources */,
				AA02570A2BB939BC00DB1313 /* Hills.cpp in Sources */,
				AA7A3E5929B6E2540005EEA7 /* Coordinate.cpp in Sources */,
				AA9752142BB2BF6B003289EF /* MountMerciless.cpp in Sources */,
				AA7A3E4B29B6E2540005EEA7 /* TerrainVertex.cpp in Sources */,
				AA7A3E5629B6E2540005EEA7 /* Line.cpp in Sources */,
			);
			runOnlyForDeploymentPostprocessing = 0;
		};
/* End PBXSourcesBuildPhase section */

/* Begin XCBuildConfiguration section */
		AA7A3DBF29B6E1620005EEA7 /* Debug */ = {
			isa = XCBuildConfiguration;
			buildSettings = {
				ALWAYS_SEARCH_USER_PATHS = NO;
				CLANG_ANALYZER_NONNULL = YES;
				CLANG_ANALYZER_NUMBER_OBJECT_CONVERSION = YES_AGGRESSIVE;
				CLANG_CXX_LANGUAGE_STANDARD = "gnu++20";
				CLANG_ENABLE_MODULES = YES;
				CLANG_ENABLE_OBJC_ARC = YES;
				CLANG_ENABLE_OBJC_WEAK = YES;
				CLANG_WARN_BLOCK_CAPTURE_AUTORELEASING = YES;
				CLANG_WARN_BOOL_CONVERSION = YES;
				CLANG_WARN_COMMA = YES;
				CLANG_WARN_CONSTANT_CONVERSION = YES;
				CLANG_WARN_DEPRECATED_OBJC_IMPLEMENTATIONS = YES;
				CLANG_WARN_DIRECT_OBJC_ISA_USAGE = YES_ERROR;
				CLANG_WARN_DOCUMENTATION_COMMENTS = YES;
				CLANG_WARN_EMPTY_BODY = YES;
				CLANG_WARN_ENUM_CONVERSION = YES;
				CLANG_WARN_INFINITE_RECURSION = YES;
				CLANG_WARN_INT_CONVERSION = YES;
				CLANG_WARN_NON_LITERAL_NULL_CONVERSION = YES;
				CLANG_WARN_OBJC_IMPLICIT_RETAIN_SELF = YES;
				CLANG_WARN_OBJC_LITERAL_CONVERSION = YES;
				CLANG_WARN_OBJC_ROOT_CLASS = YES_ERROR;
				CLANG_WARN_QUOTED_INCLUDE_IN_FRAMEWORK_HEADER = YES;
				CLANG_WARN_RANGE_LOOP_ANALYSIS = YES;
				CLANG_WARN_STRICT_PROTOTYPES = YES;
				CLANG_WARN_SUSPICIOUS_MOVE = YES;
				CLANG_WARN_UNGUARDED_AVAILABILITY = YES_AGGRESSIVE;
				CLANG_WARN_UNREACHABLE_CODE = YES;
				CLANG_WARN__DUPLICATE_METHOD_MATCH = YES;
				COPY_PHASE_STRIP = NO;
				DEAD_CODE_STRIPPING = YES;
				DEBUG_INFORMATION_FORMAT = dwarf;
				ENABLE_STRICT_OBJC_MSGSEND = YES;
				ENABLE_TESTABILITY = YES;
				GCC_C_LANGUAGE_STANDARD = gnu11;
				GCC_DYNAMIC_NO_PIC = NO;
				GCC_NO_COMMON_BLOCKS = YES;
				GCC_OPTIMIZATION_LEVEL = 0;
				GCC_PREPROCESSOR_DEFINITIONS = (
					"DEBUG=1",
					"$(inherited)",
				);
				GCC_WARN_64_TO_32_BIT_CONVERSION = YES;
				GCC_WARN_ABOUT_RETURN_TYPE = YES_ERROR;
				GCC_WARN_UNDECLARED_SELECTOR = YES;
				GCC_WARN_UNINITIALIZED_AUTOS = YES_AGGRESSIVE;
				GCC_WARN_UNUSED_FUNCTION = YES;
				GCC_WARN_UNUSED_VARIABLE = YES;
				MACOSX_DEPLOYMENT_TARGET = 13.1;
				MTL_ENABLE_DEBUG_INFO = INCLUDE_SOURCE;
				MTL_FAST_MATH = YES;
				ONLY_ACTIVE_ARCH = YES;
				SDKROOT = macosx;
			};
			name = Debug;
		};
		AA7A3DC029B6E1620005EEA7 /* Release */ = {
			isa = XCBuildConfiguration;
			buildSettings = {
				ALWAYS_SEARCH_USER_PATHS = NO;
				CLANG_ANALYZER_NONNULL = YES;
				CLANG_ANALYZER_NUMBER_OBJECT_CONVERSION = YES_AGGRESSIVE;
				CLANG_CXX_LANGUAGE_STANDARD = "gnu++20";
				CLANG_ENABLE_MODULES = YES;
				CLANG_ENABLE_OBJC_ARC = YES;
				CLANG_ENABLE_OBJC_WEAK = YES;
				CLANG_WARN_BLOCK_CAPTURE_AUTORELEASING = YES;
				CLANG_WARN_BOOL_CONVERSION = YES;
				CLANG_WARN_COMMA = YES;
				CLANG_WARN_CONSTANT_CONVERSION = YES;
				CLANG_WARN_DEPRECATED_OBJC_IMPLEMENTATIONS = YES;
				CLANG_WARN_DIRECT_OBJC_ISA_USAGE = YES_ERROR;
				CLANG_WARN_DOCUMENTATION_COMMENTS = YES;
				CLANG_WARN_EMPTY_BODY = YES;
				CLANG_WARN_ENUM_CONVERSION = YES;
				CLANG_WARN_INFINITE_RECURSION = YES;
				CLANG_WARN_INT_CONVERSION = YES;
				CLANG_WARN_NON_LITERAL_NULL_CONVERSION = YES;
				CLANG_WARN_OBJC_IMPLICIT_RETAIN_SELF = YES;
				CLANG_WARN_OBJC_LITERAL_CONVERSION = YES;
				CLANG_WARN_OBJC_ROOT_CLASS = YES_ERROR;
				CLANG_WARN_QUOTED_INCLUDE_IN_FRAMEWORK_HEADER = YES;
				CLANG_WARN_RANGE_LOOP_ANALYSIS = YES;
				CLANG_WARN_STRICT_PROTOTYPES = YES;
				CLANG_WARN_SUSPICIOUS_MOVE = YES;
				CLANG_WARN_UNGUARDED_AVAILABILITY = YES_AGGRESSIVE;
				CLANG_WARN_UNREACHABLE_CODE = YES;
				CLANG_WARN__DUPLICATE_METHOD_MATCH = YES;
				COPY_PHASE_STRIP = NO;
				DEAD_CODE_STRIPPING = YES;
				DEBUG_INFORMATION_FORMAT = "dwarf-with-dsym";
				ENABLE_NS_ASSERTIONS = NO;
				ENABLE_STRICT_OBJC_MSGSEND = YES;
				GCC_C_LANGUAGE_STANDARD = gnu11;
				GCC_NO_COMMON_BLOCKS = YES;
				GCC_WARN_64_TO_32_BIT_CONVERSION = YES;
				GCC_WARN_ABOUT_RETURN_TYPE = YES_ERROR;
				GCC_WARN_UNDECLARED_SELECTOR = YES;
				GCC_WARN_UNINITIALIZED_AUTOS = YES_AGGRESSIVE;
				GCC_WARN_UNUSED_FUNCTION = YES;
				GCC_WARN_UNUSED_VARIABLE = YES;
				MACOSX_DEPLOYMENT_TARGET = 13.1;
				MTL_ENABLE_DEBUG_INFO = NO;
				MTL_FAST_MATH = YES;
				SDKROOT = macosx;
			};
			name = Release;
		};
		AA7A3DC229B6E1620005EEA7 /* Debug */ = {
			isa = XCBuildConfiguration;
			buildSettings = {
				CLANG_WARN_QUOTED_INCLUDE_IN_FRAMEWORK_HEADER = NO;
				CODE_SIGN_STYLE = Automatic;
				DEAD_CODE_STRIPPING = YES;
				FRAMEWORK_SEARCH_PATHS = (
					"$(inherited)",
					"$(LOCAL_LIBRARY_DIR)/Frameworks",
				);
				LD_QUOTE_LINKER_ARGUMENTS_FOR_COMPILER_DRIVER = YES;
				PRODUCT_NAME = "$(TARGET_NAME)";
			};
			name = Debug;
		};
		AA7A3DC329B6E1620005EEA7 /* Release */ = {
			isa = XCBuildConfiguration;
			buildSettings = {
				CLANG_WARN_QUOTED_INCLUDE_IN_FRAMEWORK_HEADER = NO;
				CODE_SIGN_STYLE = Automatic;
				DEAD_CODE_STRIPPING = YES;
				FRAMEWORK_SEARCH_PATHS = (
					"$(inherited)",
					"$(LOCAL_LIBRARY_DIR)/Frameworks",
				);
				LD_QUOTE_LINKER_ARGUMENTS_FOR_COMPILER_DRIVER = YES;
				PRODUCT_NAME = "$(TARGET_NAME)";
			};
			name = Release;
		};
/* End XCBuildConfiguration section */

/* Begin XCConfigurationList section */
		AA7A3DB529B6E1620005EEA7 /* Build configuration list for PBXProject "Axion" */ = {
			isa = XCConfigurationList;
			buildConfigurations = (
				AA7A3DBF29B6E1620005EEA7 /* Debug */,
				AA7A3DC029B6E1620005EEA7 /* Release */,
			);
			defaultConfigurationIsVisible = 0;
			defaultConfigurationName = Release;
		};
		AA7A3DC129B6E1620005EEA7 /* Build configuration list for PBXNativeTarget "Axion" */ = {
			isa = XCConfigurationList;
			buildConfigurations = (
				AA7A3DC229B6E1620005EEA7 /* Debug */,
				AA7A3DC329B6E1620005EEA7 /* Release */,
			);
			defaultConfigurationIsVisible = 0;
			defaultConfigurationName = Release;
		};
/* End XCConfigurationList section */
	};
	rootObject = AA7A3DB229B6E1620005EEA7 /* Project object */;
}
